// !$*UTF8*$!
{
	archiveVersion = 1;
	classes = {
	};
	objectVersion = 46;
	objects = {

/* Begin PBXBuildFile section */
		5101701F18170BC1009D9B70 /* QuartzCore.framework in Frameworks */ = {isa = PBXBuildFile; fileRef = 5101701D18170746009D9B70 /* QuartzCore.framework */; };
		5124229818B29639008BEF86 /* ViewMultiPostsViewController.m in Sources */ = {isa = PBXBuildFile; fileRef = 5124229718B29639008BEF86 /* ViewMultiPostsViewController.m */; };
		5124229A18B2967B008BEF86 /* ViewMultiPostsViewController.xib in Resources */ = {isa = PBXBuildFile; fileRef = 5124229918B2967B008BEF86 /* ViewMultiPostsViewController.xib */; };
		512422A218B29FC3008BEF86 /* Cells-Info.plist in Resources */ = {isa = PBXBuildFile; fileRef = 512422A118B29FC3008BEF86 /* Cells-Info.plist */; };
		512422A618B2B2AD008BEF86 /* AppIcon40x40@2x.png in Resources */ = {isa = PBXBuildFile; fileRef = 512422A518B2B2AD008BEF86 /* AppIcon40x40@2x.png */; };
		512422AC18B2B537008BEF86 /* launchOrangeG@2x.png in Resources */ = {isa = PBXBuildFile; fileRef = 512422AA18B2B537008BEF86 /* launchOrangeG@2x.png */; };
		512422AE18B2B5A5008BEF86 /* launchOrangeG-568h@2x.png in Resources */ = {isa = PBXBuildFile; fileRef = 512422AD18B2B5A5008BEF86 /* launchOrangeG-568h@2x.png */; };
		516609EF181F4A8E0059F8BB /* ServerConnector.m in Sources */ = {isa = PBXBuildFile; fileRef = 516609EE181F4A8E0059F8BB /* ServerConnector.m */; };
		75073FA818120314009177C7 /* ViewPostViewController.m in Sources */ = {isa = PBXBuildFile; fileRef = 75073FA618120314009177C7 /* ViewPostViewController.m */; };
		75073FA918120314009177C7 /* ViewPostViewController.xib in Resources */ = {isa = PBXBuildFile; fileRef = 75073FA718120314009177C7 /* ViewPostViewController.xib */; };
		75073FC01813B76D009177C7 /* AddressBookUI.framework in Frameworks */ = {isa = PBXBuildFile; fileRef = 75073FBF1813B76D009177C7 /* AddressBookUI.framework */; settings = {ATTRIBUTES = (Required, ); }; };
		75073FC21813BF15009177C7 /* AddressBook.framework in Frameworks */ = {isa = PBXBuildFile; fileRef = 75073FC11813BF15009177C7 /* AddressBook.framework */; };
		75073FC61814BF1A009177C7 /* ViewEntityViewController.m in Sources */ = {isa = PBXBuildFile; fileRef = 75073FC41814BF1A009177C7 /* ViewEntityViewController.m */; };
		75073FC71814BF1A009177C7 /* ViewEntityViewController.xib in Resources */ = {isa = PBXBuildFile; fileRef = 75073FC51814BF1A009177C7 /* ViewEntityViewController.xib */; };
		75073FCA1814C024009177C7 /* SmallPostTableViewCell.m in Sources */ = {isa = PBXBuildFile; fileRef = 75073FC91814C024009177C7 /* SmallPostTableViewCell.m */; };
		75073FCC1814C056009177C7 /* SmallPostTableViewCell.xib in Resources */ = {isa = PBXBuildFile; fileRef = 75073FCB1814C056009177C7 /* SmallPostTableViewCell.xib */; };
		75073FE918198E36009177C7 /* MapKit.framework in Frameworks */ = {isa = PBXBuildFile; fileRef = 75073FE818198E36009177C7 /* MapKit.framework */; };
		75073FEB18199310009177C7 /* CoreLocation.framework in Frameworks */ = {isa = PBXBuildFile; fileRef = 75073FEA18199310009177C7 /* CoreLocation.framework */; };
		75073FEE1819966C009177C7 /* MapPinAnnotation.m in Sources */ = {isa = PBXBuildFile; fileRef = 75073FED1819966C009177C7 /* MapPinAnnotation.m */; };
		752B1EE217FD2B6D00F61382 /* BigPostTableViewCell.xib in Resources */ = {isa = PBXBuildFile; fileRef = 752B1EE117FD2B6D00F61382 /* BigPostTableViewCell.xib */; };
		752B5CD61854506100C0AE76 /* moose.png in Resources */ = {isa = PBXBuildFile; fileRef = 752B5CD51854506100C0AE76 /* moose.png */; };
		7534DFC91822D75D009E5E3A /* XOXOUIViewController.m in Sources */ = {isa = PBXBuildFile; fileRef = 7534DFC81822D75D009E5E3A /* XOXOUIViewController.m */; };
		75399120182F7EF300EFC00A /* UserMenuButtonView.m in Sources */ = {isa = PBXBuildFile; fileRef = 7539911F182F7EF300EFC00A /* UserMenuButtonView.m */; };
		753B4FD11842F86D00863B9F /* CommentTableViewCell.m in Sources */ = {isa = PBXBuildFile; fileRef = 753B4FD01842F86D00863B9F /* CommentTableViewCell.m */; };
		753B4FD31842F91F00863B9F /* CommentTableViewCell.xib in Resources */ = {isa = PBXBuildFile; fileRef = 753B4FD21842F91F00863B9F /* CommentTableViewCell.xib */; };
		756B71B4180613FA000E3486 /* Entity.m in Sources */ = {isa = PBXBuildFile; fileRef = 756B71B3180613FA000E3486 /* Entity.m */; };
		75721FD01811074E00298ACF /* EntityCell.m in Sources */ = {isa = PBXBuildFile; fileRef = 75721FCF1811074E00298ACF /* EntityCell.m */; };
		75721FD2181107D600298ACF /* EntityCell.xib in Resources */ = {isa = PBXBuildFile; fileRef = 75721FD1181107D600298ACF /* EntityCell.xib */; };
		75C086AF17FE30B800023200 /* pic1.png in Resources */ = {isa = PBXBuildFile; fileRef = 75C086AA17FE30B800023200 /* pic1.png */; };
		75C086B017FE30B800023200 /* pic2.png in Resources */ = {isa = PBXBuildFile; fileRef = 75C086AB17FE30B800023200 /* pic2.png */; };
		75C086B117FE30B800023200 /* pic3.png in Resources */ = {isa = PBXBuildFile; fileRef = 75C086AC17FE30B800023200 /* pic3.png */; };
		75C086B217FE30B800023200 /* pic4.png in Resources */ = {isa = PBXBuildFile; fileRef = 75C086AD17FE30B800023200 /* pic4.png */; };
		75C086B317FE30B800023200 /* pic5.png in Resources */ = {isa = PBXBuildFile; fileRef = 75C086AE17FE30B800023200 /* pic5.png */; };
		75C086E817FE695900023200 /* BIDCellView.m in Sources */ = {isa = PBXBuildFile; fileRef = 75C086E717FE695900023200 /* BIDCellView.m */; };
		75C086ED17FE9B2C00023200 /* hateoff.png in Resources */ = {isa = PBXBuildFile; fileRef = 75C086E917FE9B2C00023200 /* hateoff.png */; };
		75C086EE17FE9B2C00023200 /* hateon.png in Resources */ = {isa = PBXBuildFile; fileRef = 75C086EA17FE9B2C00023200 /* hateon.png */; };
		75C086EF17FE9B2C00023200 /* likeon.png in Resources */ = {isa = PBXBuildFile; fileRef = 75C086EB17FE9B2C00023200 /* likeon.png */; };
		75C086F017FE9B2C00023200 /* likeoff.png in Resources */ = {isa = PBXBuildFile; fileRef = 75C086EC17FE9B2C00023200 /* likeoff.png */; };
		75C0BDCD1829785E00B34113 /* UserMenuViewController.xib in Resources */ = {isa = PBXBuildFile; fileRef = 75C0BDCA1829785E00B34113 /* UserMenuViewController.xib */; };
		75C0BDCE1829785E00B34113 /* UserMenuViewController.m in Sources */ = {isa = PBXBuildFile; fileRef = 75C0BDCC1829785E00B34113 /* UserMenuViewController.m */; };
		75CCCF3F17FC03DF000BF0F4 /* UIKit.framework in Frameworks */ = {isa = PBXBuildFile; fileRef = 75CCCF3E17FC03DF000BF0F4 /* UIKit.framework */; };
		75CCCF4117FC03DF000BF0F4 /* Foundation.framework in Frameworks */ = {isa = PBXBuildFile; fileRef = 75CCCF4017FC03DF000BF0F4 /* Foundation.framework */; };
		75CCCF4317FC03DF000BF0F4 /* CoreGraphics.framework in Frameworks */ = {isa = PBXBuildFile; fileRef = 75CCCF4217FC03DF000BF0F4 /* CoreGraphics.framework */; };
		75CCCF4917FC03DF000BF0F4 /* InfoPlist.strings in Resources */ = {isa = PBXBuildFile; fileRef = 75CCCF4717FC03DF000BF0F4 /* InfoPlist.strings */; };
		75CCCF4B17FC03DF000BF0F4 /* main.m in Sources */ = {isa = PBXBuildFile; fileRef = 75CCCF4A17FC03DF000BF0F4 /* main.m */; };
		75CCCF4F17FC03DF000BF0F4 /* AppDelegate.m in Sources */ = {isa = PBXBuildFile; fileRef = 75CCCF4E17FC03DF000BF0F4 /* AppDelegate.m */; };
		75CCCF6317FC04DF000BF0F4 /* BigPostTableViewCell.m in Sources */ = {isa = PBXBuildFile; fileRef = 75CCCF6217FC04DF000BF0F4 /* BigPostTableViewCell.m */; };
		75D1DA281804837400B431FF /* CreateEntityViewController.m in Sources */ = {isa = PBXBuildFile; fileRef = 75D1DA261804837400B431FF /* CreateEntityViewController.m */; };
		75D1DA291804837400B431FF /* CreateEntityViewController.xib in Resources */ = {isa = PBXBuildFile; fileRef = 75D1DA271804837400B431FF /* CreateEntityViewController.xib */; };
		75D1DAA11804CDF600B431FF /* CreatePostViewController.m in Sources */ = {isa = PBXBuildFile; fileRef = 75D1DA9F1804CDF600B431FF /* CreatePostViewController.m */; };
		75D1DAA21804CDF600B431FF /* CreatePostViewController.xib in Resources */ = {isa = PBXBuildFile; fileRef = 75D1DAA01804CDF600B431FF /* CreatePostViewController.xib */; };
/* End PBXBuildFile section */

/* Begin PBXFileReference section */
		5101701D18170746009D9B70 /* QuartzCore.framework */ = {isa = PBXFileReference; lastKnownFileType = wrapper.framework; name = QuartzCore.framework; path = System/Library/Frameworks/QuartzCore.framework; sourceTree = SDKROOT; };
		5124229618B29639008BEF86 /* ViewMultiPostsViewController.h */ = {isa = PBXFileReference; fileEncoding = 4; lastKnownFileType = sourcecode.c.h; path = ViewMultiPostsViewController.h; sourceTree = "<group>"; };
		5124229718B29639008BEF86 /* ViewMultiPostsViewController.m */ = {isa = PBXFileReference; fileEncoding = 4; lastKnownFileType = sourcecode.c.objc; path = ViewMultiPostsViewController.m; sourceTree = "<group>"; };
		5124229918B2967B008BEF86 /* ViewMultiPostsViewController.xib */ = {isa = PBXFileReference; fileEncoding = 4; lastKnownFileType = file.xib; path = ViewMultiPostsViewController.xib; sourceTree = "<group>"; };
		512422A118B29FC3008BEF86 /* Cells-Info.plist */ = {isa = PBXFileReference; fileEncoding = 4; lastKnownFileType = text.plist.xml; name = "Cells-Info.plist"; path = "Cells/Cells-Info.plist"; sourceTree = SOURCE_ROOT; };
		512422A418B2B26D008BEF86 /* AppIcon60x60@2x.png */ = {isa = PBXFileReference; lastKnownFileType = image.png; name = "AppIcon60x60@2x.png"; path = "Icons/AppIcon60x60@2x.png"; sourceTree = "<group>"; };
		512422A518B2B2AD008BEF86 /* AppIcon40x40@2x.png */ = {isa = PBXFileReference; lastKnownFileType = image.png; name = "AppIcon40x40@2x.png"; path = "Icons/AppIcon40x40@2x.png"; sourceTree = "<group>"; };
		512422AA18B2B537008BEF86 /* launchOrangeG@2x.png */ = {isa = PBXFileReference; lastKnownFileType = image.png; name = "launchOrangeG@2x.png"; path = "Icons/launchOrangeG@2x.png"; sourceTree = "<group>"; };
		512422AD18B2B5A5008BEF86 /* launchOrangeG-568h@2x.png */ = {isa = PBXFileReference; lastKnownFileType = image.png; name = "launchOrangeG-568h@2x.png"; path = "Icons/launchOrangeG-568h@2x.png"; sourceTree = "<group>"; };
		516609ED181F4A8E0059F8BB /* ServerConnector.h */ = {isa = PBXFileReference; fileEncoding = 4; lastKnownFileType = sourcecode.c.h; path = ServerConnector.h; sourceTree = "<group>"; };
		516609EE181F4A8E0059F8BB /* ServerConnector.m */ = {isa = PBXFileReference; fileEncoding = 4; lastKnownFileType = sourcecode.c.objc; path = ServerConnector.m; sourceTree = "<group>"; };
		75073FA518120314009177C7 /* ViewPostViewController.h */ = {isa = PBXFileReference; fileEncoding = 4; lastKnownFileType = sourcecode.c.h; path = ViewPostViewController.h; sourceTree = "<group>"; };
		75073FA618120314009177C7 /* ViewPostViewController.m */ = {isa = PBXFileReference; fileEncoding = 4; lastKnownFileType = sourcecode.c.objc; path = ViewPostViewController.m; sourceTree = "<group>"; };
		75073FA718120314009177C7 /* ViewPostViewController.xib */ = {isa = PBXFileReference; fileEncoding = 4; lastKnownFileType = file.xib; path = ViewPostViewController.xib; sourceTree = "<group>"; };
		75073FBF1813B76D009177C7 /* AddressBookUI.framework */ = {isa = PBXFileReference; lastKnownFileType = wrapper.framework; name = AddressBookUI.framework; path = System/Library/Frameworks/AddressBookUI.framework; sourceTree = SDKROOT; };
		75073FC11813BF15009177C7 /* AddressBook.framework */ = {isa = PBXFileReference; lastKnownFileType = wrapper.framework; name = AddressBook.framework; path = System/Library/Frameworks/AddressBook.framework; sourceTree = SDKROOT; };
		75073FC31814BF1A009177C7 /* ViewEntityViewController.h */ = {isa = PBXFileReference; fileEncoding = 4; lastKnownFileType = sourcecode.c.h; path = ViewEntityViewController.h; sourceTree = "<group>"; };
		75073FC41814BF1A009177C7 /* ViewEntityViewController.m */ = {isa = PBXFileReference; fileEncoding = 4; lastKnownFileType = sourcecode.c.objc; path = ViewEntityViewController.m; sourceTree = "<group>"; };
		75073FC51814BF1A009177C7 /* ViewEntityViewController.xib */ = {isa = PBXFileReference; fileEncoding = 4; lastKnownFileType = file.xib; path = ViewEntityViewController.xib; sourceTree = "<group>"; };
		75073FC81814C024009177C7 /* SmallPostTableViewCell.h */ = {isa = PBXFileReference; fileEncoding = 4; lastKnownFileType = sourcecode.c.h; path = SmallPostTableViewCell.h; sourceTree = "<group>"; };
		75073FC91814C024009177C7 /* SmallPostTableViewCell.m */ = {isa = PBXFileReference; fileEncoding = 4; lastKnownFileType = sourcecode.c.objc; path = SmallPostTableViewCell.m; sourceTree = "<group>"; };
		75073FCB1814C056009177C7 /* SmallPostTableViewCell.xib */ = {isa = PBXFileReference; fileEncoding = 4; lastKnownFileType = file.xib; path = SmallPostTableViewCell.xib; sourceTree = "<group>"; };
		75073FE818198E36009177C7 /* MapKit.framework */ = {isa = PBXFileReference; lastKnownFileType = wrapper.framework; name = MapKit.framework; path = System/Library/Frameworks/MapKit.framework; sourceTree = SDKROOT; };
		75073FEA18199310009177C7 /* CoreLocation.framework */ = {isa = PBXFileReference; lastKnownFileType = wrapper.framework; name = CoreLocation.framework; path = System/Library/Frameworks/CoreLocation.framework; sourceTree = SDKROOT; };
		75073FEC1819966C009177C7 /* MapPinAnnotation.h */ = {isa = PBXFileReference; fileEncoding = 4; lastKnownFileType = sourcecode.c.h; path = MapPinAnnotation.h; sourceTree = "<group>"; };
		75073FED1819966C009177C7 /* MapPinAnnotation.m */ = {isa = PBXFileReference; fileEncoding = 4; lastKnownFileType = sourcecode.c.objc; path = MapPinAnnotation.m; sourceTree = "<group>"; };
		752B1EE117FD2B6D00F61382 /* BigPostTableViewCell.xib */ = {isa = PBXFileReference; fileEncoding = 4; lastKnownFileType = file.xib; path = BigPostTableViewCell.xib; sourceTree = "<group>"; };
		752B5CD51854506100C0AE76 /* moose.png */ = {isa = PBXFileReference; lastKnownFileType = image.png; path = moose.png; sourceTree = "<group>"; };
		7534DFC71822D75D009E5E3A /* XOXOUIViewController.h */ = {isa = PBXFileReference; fileEncoding = 4; lastKnownFileType = sourcecode.c.h; path = XOXOUIViewController.h; sourceTree = "<group>"; };
		7534DFC81822D75D009E5E3A /* XOXOUIViewController.m */ = {isa = PBXFileReference; fileEncoding = 4; lastKnownFileType = sourcecode.c.objc; path = XOXOUIViewController.m; sourceTree = "<group>"; };
		7539911E182F7EF300EFC00A /* UserMenuButtonView.h */ = {isa = PBXFileReference; fileEncoding = 4; lastKnownFileType = sourcecode.c.h; path = UserMenuButtonView.h; sourceTree = "<group>"; };
		7539911F182F7EF300EFC00A /* UserMenuButtonView.m */ = {isa = PBXFileReference; fileEncoding = 4; lastKnownFileType = sourcecode.c.objc; path = UserMenuButtonView.m; sourceTree = "<group>"; };
		753B4FCF1842F86D00863B9F /* CommentTableViewCell.h */ = {isa = PBXFileReference; fileEncoding = 4; lastKnownFileType = sourcecode.c.h; name = CommentTableViewCell.h; path = TableViewCells/CommentTableViewCell.h; sourceTree = SOURCE_ROOT; };
		753B4FD01842F86D00863B9F /* CommentTableViewCell.m */ = {isa = PBXFileReference; fileEncoding = 4; lastKnownFileType = sourcecode.c.objc; name = CommentTableViewCell.m; path = TableViewCells/CommentTableViewCell.m; sourceTree = SOURCE_ROOT; };
		753B4FD21842F91F00863B9F /* CommentTableViewCell.xib */ = {isa = PBXFileReference; fileEncoding = 4; lastKnownFileType = file.xib; path = CommentTableViewCell.xib; sourceTree = "<group>"; };
		756B71B2180613FA000E3486 /* Entity.h */ = {isa = PBXFileReference; fileEncoding = 4; lastKnownFileType = sourcecode.c.h; path = Entity.h; sourceTree = "<group>"; };
		756B71B3180613FA000E3486 /* Entity.m */ = {isa = PBXFileReference; fileEncoding = 4; lastKnownFileType = sourcecode.c.objc; path = Entity.m; sourceTree = "<group>"; };
		75721FCE1811074D00298ACF /* EntityCell.h */ = {isa = PBXFileReference; fileEncoding = 4; lastKnownFileType = sourcecode.c.h; path = EntityCell.h; sourceTree = "<group>"; };
		75721FCF1811074E00298ACF /* EntityCell.m */ = {isa = PBXFileReference; fileEncoding = 4; lastKnownFileType = sourcecode.c.objc; path = EntityCell.m; sourceTree = "<group>"; };
		75721FD1181107D600298ACF /* EntityCell.xib */ = {isa = PBXFileReference; fileEncoding = 4; lastKnownFileType = file.xib; path = EntityCell.xib; sourceTree = "<group>"; };
		75C086AA17FE30B800023200 /* pic1.png */ = {isa = PBXFileReference; lastKnownFileType = image.png; path = pic1.png; sourceTree = "<group>"; };
		75C086AB17FE30B800023200 /* pic2.png */ = {isa = PBXFileReference; lastKnownFileType = image.png; path = pic2.png; sourceTree = "<group>"; };
		75C086AC17FE30B800023200 /* pic3.png */ = {isa = PBXFileReference; lastKnownFileType = image.png; path = pic3.png; sourceTree = "<group>"; };
		75C086AD17FE30B800023200 /* pic4.png */ = {isa = PBXFileReference; lastKnownFileType = image.png; path = pic4.png; sourceTree = "<group>"; };
		75C086AE17FE30B800023200 /* pic5.png */ = {isa = PBXFileReference; lastKnownFileType = image.png; path = pic5.png; sourceTree = "<group>"; };
		75C086E617FE695900023200 /* BIDCellView.h */ = {isa = PBXFileReference; fileEncoding = 4; lastKnownFileType = sourcecode.c.h; path = BIDCellView.h; sourceTree = "<group>"; };
		75C086E717FE695900023200 /* BIDCellView.m */ = {isa = PBXFileReference; fileEncoding = 4; lastKnownFileType = sourcecode.c.objc; path = BIDCellView.m; sourceTree = "<group>"; };
		75C086E917FE9B2C00023200 /* hateoff.png */ = {isa = PBXFileReference; lastKnownFileType = image.png; path = hateoff.png; sourceTree = "<group>"; };
		75C086EA17FE9B2C00023200 /* hateon.png */ = {isa = PBXFileReference; lastKnownFileType = image.png; path = hateon.png; sourceTree = "<group>"; };
		75C086EB17FE9B2C00023200 /* likeon.png */ = {isa = PBXFileReference; lastKnownFileType = image.png; path = likeon.png; sourceTree = "<group>"; };
		75C086EC17FE9B2C00023200 /* likeoff.png */ = {isa = PBXFileReference; lastKnownFileType = image.png; path = likeoff.png; sourceTree = "<group>"; };
		75C0BDCA1829785E00B34113 /* UserMenuViewController.xib */ = {isa = PBXFileReference; fileEncoding = 4; lastKnownFileType = file.xib; path = UserMenuViewController.xib; sourceTree = "<group>"; };
		75C0BDCB1829785E00B34113 /* UserMenuViewController.h */ = {isa = PBXFileReference; fileEncoding = 4; lastKnownFileType = sourcecode.c.h; path = UserMenuViewController.h; sourceTree = "<group>"; };
		75C0BDCC1829785E00B34113 /* UserMenuViewController.m */ = {isa = PBXFileReference; fileEncoding = 4; lastKnownFileType = sourcecode.c.objc; path = UserMenuViewController.m; sourceTree = "<group>"; };
		75CCCF3B17FC03DF000BF0F4 /* SpotIt - debug mode.app */ = {isa = PBXFileReference; explicitFileType = wrapper.application; includeInIndex = 0; path = "SpotIt - debug mode.app"; sourceTree = BUILT_PRODUCTS_DIR; };
		75CCCF3E17FC03DF000BF0F4 /* UIKit.framework */ = {isa = PBXFileReference; lastKnownFileType = wrapper.framework; name = UIKit.framework; path = System/Library/Frameworks/UIKit.framework; sourceTree = SDKROOT; };
		75CCCF4017FC03DF000BF0F4 /* Foundation.framework */ = {isa = PBXFileReference; lastKnownFileType = wrapper.framework; name = Foundation.framework; path = System/Library/Frameworks/Foundation.framework; sourceTree = SDKROOT; };
		75CCCF4217FC03DF000BF0F4 /* CoreGraphics.framework */ = {isa = PBXFileReference; lastKnownFileType = wrapper.framework; name = CoreGraphics.framework; path = System/Library/Frameworks/CoreGraphics.framework; sourceTree = SDKROOT; };
		75CCCF4817FC03DF000BF0F4 /* en */ = {isa = PBXFileReference; lastKnownFileType = text.plist.strings; name = en; path = en.lproj/InfoPlist.strings; sourceTree = "<group>"; };
		75CCCF4A17FC03DF000BF0F4 /* main.m */ = {isa = PBXFileReference; lastKnownFileType = sourcecode.c.objc; path = main.m; sourceTree = "<group>"; };
		75CCCF4C17FC03DF000BF0F4 /* Cells-Prefix.pch */ = {isa = PBXFileReference; lastKnownFileType = sourcecode.c.h; name = "Cells-Prefix.pch"; path = "../Cells/Cells-Prefix.pch"; sourceTree = "<group>"; };
		75CCCF4D17FC03DF000BF0F4 /* AppDelegate.h */ = {isa = PBXFileReference; lastKnownFileType = sourcecode.c.h; path = AppDelegate.h; sourceTree = "<group>"; };
		75CCCF4E17FC03DF000BF0F4 /* AppDelegate.m */ = {isa = PBXFileReference; lastKnownFileType = sourcecode.c.objc; path = AppDelegate.m; sourceTree = "<group>"; };
		75CCCF6117FC04DF000BF0F4 /* BigPostTableViewCell.h */ = {isa = PBXFileReference; fileEncoding = 4; lastKnownFileType = sourcecode.c.h; path = BigPostTableViewCell.h; sourceTree = "<group>"; };
		75CCCF6217FC04DF000BF0F4 /* BigPostTableViewCell.m */ = {isa = PBXFileReference; fileEncoding = 4; lastKnownFileType = sourcecode.c.objc; path = BigPostTableViewCell.m; sourceTree = "<group>"; };
		75D1DA251804837400B431FF /* CreateEntityViewController.h */ = {isa = PBXFileReference; fileEncoding = 4; lastKnownFileType = sourcecode.c.h; path = CreateEntityViewController.h; sourceTree = "<group>"; };
		75D1DA261804837400B431FF /* CreateEntityViewController.m */ = {isa = PBXFileReference; fileEncoding = 4; lastKnownFileType = sourcecode.c.objc; path = CreateEntityViewController.m; sourceTree = "<group>"; };
		75D1DA271804837400B431FF /* CreateEntityViewController.xib */ = {isa = PBXFileReference; fileEncoding = 4; lastKnownFileType = file.xib; path = CreateEntityViewController.xib; sourceTree = "<group>"; };
		75D1DA9E1804CDF600B431FF /* CreatePostViewController.h */ = {isa = PBXFileReference; fileEncoding = 4; lastKnownFileType = sourcecode.c.h; path = CreatePostViewController.h; sourceTree = "<group>"; };
		75D1DA9F1804CDF600B431FF /* CreatePostViewController.m */ = {isa = PBXFileReference; fileEncoding = 4; lastKnownFileType = sourcecode.c.objc; path = CreatePostViewController.m; sourceTree = "<group>"; };
		75D1DAA01804CDF600B431FF /* CreatePostViewController.xib */ = {isa = PBXFileReference; fileEncoding = 4; lastKnownFileType = file.xib; path = CreatePostViewController.xib; sourceTree = "<group>"; };
/* End PBXFileReference section */

/* Begin PBXFrameworksBuildPhase section */
		75CCCF3817FC03DF000BF0F4 /* Frameworks */ = {
			isa = PBXFrameworksBuildPhase;
			buildActionMask = 2147483647;
			files = (
				75073FEB18199310009177C7 /* CoreLocation.framework in Frameworks */,
				75073FE918198E36009177C7 /* MapKit.framework in Frameworks */,
				5101701F18170BC1009D9B70 /* QuartzCore.framework in Frameworks */,
				75073FC21813BF15009177C7 /* AddressBook.framework in Frameworks */,
				75073FC01813B76D009177C7 /* AddressBookUI.framework in Frameworks */,
				75CCCF3F17FC03DF000BF0F4 /* UIKit.framework in Frameworks */,
				75CCCF4117FC03DF000BF0F4 /* Foundation.framework in Frameworks */,
				75CCCF4317FC03DF000BF0F4 /* CoreGraphics.framework in Frameworks */,
			);
			runOnlyForDeploymentPostprocessing = 0;
		};
/* End PBXFrameworksBuildPhase section */

/* Begin PBXGroup section */
		5124229C18B29C5B008BEF86 /* ViewControllers */ = {
			isa = PBXGroup;
			children = (
				75C0BDCA1829785E00B34113 /* UserMenuViewController.xib */,
				75C0BDCB1829785E00B34113 /* UserMenuViewController.h */,
				75C0BDCC1829785E00B34113 /* UserMenuViewController.m */,
				7534DFC71822D75D009E5E3A /* XOXOUIViewController.h */,
				7534DFC81822D75D009E5E3A /* XOXOUIViewController.m */,
				75073FC31814BF1A009177C7 /* ViewEntityViewController.h */,
				75073FC41814BF1A009177C7 /* ViewEntityViewController.m */,
				75073FC51814BF1A009177C7 /* ViewEntityViewController.xib */,
				75073FA518120314009177C7 /* ViewPostViewController.h */,
				75073FA618120314009177C7 /* ViewPostViewController.m */,
				75073FA718120314009177C7 /* ViewPostViewController.xib */,
				75D1DA9E1804CDF600B431FF /* CreatePostViewController.h */,
				75D1DA9F1804CDF600B431FF /* CreatePostViewController.m */,
				75D1DAA01804CDF600B431FF /* CreatePostViewController.xib */,
				75D1DA251804837400B431FF /* CreateEntityViewController.h */,
				75D1DA261804837400B431FF /* CreateEntityViewController.m */,
				75D1DA271804837400B431FF /* CreateEntityViewController.xib */,
				5124229618B29639008BEF86 /* ViewMultiPostsViewController.h */,
				5124229718B29639008BEF86 /* ViewMultiPostsViewController.m */,
				5124229918B2967B008BEF86 /* ViewMultiPostsViewController.xib */,
			);
			path = ViewControllers;
			sourceTree = "<group>";
		};
		5124229D18B29CFA008BEF86 /* Entities */ = {
			isa = PBXGroup;
			children = (
				756B71B2180613FA000E3486 /* Entity.h */,
				756B71B3180613FA000E3486 /* Entity.m */,
			);
			path = Entities;
			sourceTree = "<group>";
		};
		512422A318B2B196008BEF86 /* Icons */ = {
			isa = PBXGroup;
			children = (
				512422AD18B2B5A5008BEF86 /* launchOrangeG-568h@2x.png */,
				512422AA18B2B537008BEF86 /* launchOrangeG@2x.png */,
				512422A518B2B2AD008BEF86 /* AppIcon40x40@2x.png */,
				512422A418B2B26D008BEF86 /* AppIcon60x60@2x.png */,
			);
			name = Icons;
			sourceTree = "<group>";
		};
		75073FCD1814C11C009177C7 /* Objects */ = {
			isa = PBXGroup;
			children = (
				516609ED181F4A8E0059F8BB /* ServerConnector.h */,
				516609EE181F4A8E0059F8BB /* ServerConnector.m */,
				75073FEC1819966C009177C7 /* MapPinAnnotation.h */,
				75073FED1819966C009177C7 /* MapPinAnnotation.m */,
			);
			path = Objects;
			sourceTree = "<group>";
		};
		75073FCE1814C13A009177C7 /* Images */ = {
			isa = PBXGroup;
			children = (
				752B5CD51854506100C0AE76 /* moose.png */,
				75C086E917FE9B2C00023200 /* hateoff.png */,
				75C086EA17FE9B2C00023200 /* hateon.png */,
				75C086EB17FE9B2C00023200 /* likeon.png */,
				75C086EC17FE9B2C00023200 /* likeoff.png */,
				75C086AA17FE30B800023200 /* pic1.png */,
				75C086AB17FE30B800023200 /* pic2.png */,
				75C086AC17FE30B800023200 /* pic3.png */,
				75C086AD17FE30B800023200 /* pic4.png */,
				75C086AE17FE30B800023200 /* pic5.png */,
			);
			path = Images;
			sourceTree = "<group>";
		};
		7539911D182F7EA700EFC00A /* Views */ = {
			isa = PBXGroup;
			children = (
				7539911E182F7EF300EFC00A /* UserMenuButtonView.h */,
				7539911F182F7EF300EFC00A /* UserMenuButtonView.m */,
			);
			name = Views;
			sourceTree = "<group>";
		};
		75CCCF3217FC03DF000BF0F4 = {
			isa = PBXGroup;
			children = (
				512422A318B2B196008BEF86 /* Icons */,
				5124229D18B29CFA008BEF86 /* Entities */,
				5124229C18B29C5B008BEF86 /* ViewControllers */,
				75CCCF4417FC03DF000BF0F4 /* TableViewCells */,
				7539911D182F7EA700EFC00A /* Views */,
				75073FCD1814C11C009177C7 /* Objects */,
				75073FCE1814C13A009177C7 /* Images */,
				75CCCF4517FC03DF000BF0F4 /* Supporting Files */,
				75CCCF3D17FC03DF000BF0F4 /* Frameworks */,
				75CCCF3C17FC03DF000BF0F4 /* Products */,
			);
			sourceTree = "<group>";
		};
		75CCCF3C17FC03DF000BF0F4 /* Products */ = {
			isa = PBXGroup;
			children = (
				75CCCF3B17FC03DF000BF0F4 /* SpotIt - debug mode.app */,
			);
			name = Products;
			sourceTree = "<group>";
		};
		75CCCF3D17FC03DF000BF0F4 /* Frameworks */ = {
			isa = PBXGroup;
			children = (
				75073FEA18199310009177C7 /* CoreLocation.framework */,
				75073FE818198E36009177C7 /* MapKit.framework */,
				5101701D18170746009D9B70 /* QuartzCore.framework */,
				75073FC11813BF15009177C7 /* AddressBook.framework */,
				75073FBF1813B76D009177C7 /* AddressBookUI.framework */,
				75CCCF3E17FC03DF000BF0F4 /* UIKit.framework */,
				75CCCF4017FC03DF000BF0F4 /* Foundation.framework */,
				75CCCF4217FC03DF000BF0F4 /* CoreGraphics.framework */,
			);
			name = Frameworks;
			sourceTree = "<group>";
		};
		75CCCF4417FC03DF000BF0F4 /* TableViewCells */ = {
			isa = PBXGroup;
			children = (
				75721FD1181107D600298ACF /* EntityCell.xib */,
				75721FCE1811074D00298ACF /* EntityCell.h */,
				75721FCF1811074E00298ACF /* EntityCell.m */,
				75073FCB1814C056009177C7 /* SmallPostTableViewCell.xib */,
				75073FC81814C024009177C7 /* SmallPostTableViewCell.h */,
				75073FC91814C024009177C7 /* SmallPostTableViewCell.m */,
				75CCCF6117FC04DF000BF0F4 /* BigPostTableViewCell.h */,
				75CCCF6217FC04DF000BF0F4 /* BigPostTableViewCell.m */,
				752B1EE117FD2B6D00F61382 /* BigPostTableViewCell.xib */,
				75C086E617FE695900023200 /* BIDCellView.h */,
				75C086E717FE695900023200 /* BIDCellView.m */,
				753B4FCF1842F86D00863B9F /* CommentTableViewCell.h */,
				753B4FD01842F86D00863B9F /* CommentTableViewCell.m */,
				753B4FD21842F91F00863B9F /* CommentTableViewCell.xib */,
			);
			path = TableViewCells;
			sourceTree = "<group>";
		};
		75CCCF4517FC03DF000BF0F4 /* Supporting Files */ = {
			isa = PBXGroup;
			children = (
				75CCCF4D17FC03DF000BF0F4 /* AppDelegate.h */,
				512422A118B29FC3008BEF86 /* Cells-Info.plist */,
				75CCCF4E17FC03DF000BF0F4 /* AppDelegate.m */,
				75CCCF4717FC03DF000BF0F4 /* InfoPlist.strings */,
				75CCCF4A17FC03DF000BF0F4 /* main.m */,
				75CCCF4C17FC03DF000BF0F4 /* Cells-Prefix.pch */,
			);
			path = "Supporting Files";
			sourceTree = "<group>";
		};
/* End PBXGroup section */

/* Begin PBXNativeTarget section */
		75CCCF3A17FC03DF000BF0F4 /* Cells */ = {
			isa = PBXNativeTarget;
			buildConfigurationList = 75CCCF5E17FC03DF000BF0F4 /* Build configuration list for PBXNativeTarget "Cells" */;
			buildPhases = (
				75CCCF3717FC03DF000BF0F4 /* Sources */,
				75CCCF3817FC03DF000BF0F4 /* Frameworks */,
				75CCCF3917FC03DF000BF0F4 /* Resources */,
			);
			buildRules = (
			);
			dependencies = (
			);
			name = Cells;
			productName = Cells;
			productReference = 75CCCF3B17FC03DF000BF0F4 /* SpotIt - debug mode.app */;
			productType = "com.apple.product-type.application";
		};
/* End PBXNativeTarget section */

/* Begin PBXProject section */
		75CCCF3317FC03DF000BF0F4 /* Project object */ = {
			isa = PBXProject;
			attributes = {
				CLASSPREFIX = BID;
				LastUpgradeCheck = 0460;
				ORGANIZATIONNAME = WYY;
				TargetAttributes = {
					75CCCF3A17FC03DF000BF0F4 = {
						DevelopmentTeam = 4AKZFCP9WW;
					};
				};
			};
			buildConfigurationList = 75CCCF3617FC03DF000BF0F4 /* Build configuration list for PBXProject "Cells" */;
			compatibilityVersion = "Xcode 3.2";
			developmentRegion = English;
			hasScannedForEncodings = 0;
			knownRegions = (
				en,
			);
			mainGroup = 75CCCF3217FC03DF000BF0F4;
			productRefGroup = 75CCCF3C17FC03DF000BF0F4 /* Products */;
			projectDirPath = "";
			projectRoot = "";
			targets = (
				75CCCF3A17FC03DF000BF0F4 /* Cells */,
			);
		};
/* End PBXProject section */

/* Begin PBXResourcesBuildPhase section */
		75CCCF3917FC03DF000BF0F4 /* Resources */ = {
			isa = PBXResourcesBuildPhase;
			buildActionMask = 2147483647;
			files = (
				75CCCF4917FC03DF000BF0F4 /* InfoPlist.strings in Resources */,
				75721FD2181107D600298ACF /* EntityCell.xib in Resources */,
				5124229A18B2967B008BEF86 /* ViewMultiPostsViewController.xib in Resources */,
				512422A618B2B2AD008BEF86 /* AppIcon40x40@2x.png in Resources */,
				512422AE18B2B5A5008BEF86 /* launchOrangeG-568h@2x.png in Resources */,
				752B1EE217FD2B6D00F61382 /* BigPostTableViewCell.xib in Resources */,
				75C086AF17FE30B800023200 /* pic1.png in Resources */,
				75C086B017FE30B800023200 /* pic2.png in Resources */,
				512422A218B29FC3008BEF86 /* Cells-Info.plist in Resources */,
				75C086B117FE30B800023200 /* pic3.png in Resources */,
				752B5CD61854506100C0AE76 /* moose.png in Resources */,
				75C086B217FE30B800023200 /* pic4.png in Resources */,
				753B4FD31842F91F00863B9F /* CommentTableViewCell.xib in Resources */,
				75C086B317FE30B800023200 /* pic5.png in Resources */,
				75C0BDCD1829785E00B34113 /* UserMenuViewController.xib in Resources */,
				75073FC71814BF1A009177C7 /* ViewEntityViewController.xib in Resources */,
				75073FCC1814C056009177C7 /* SmallPostTableViewCell.xib in Resources */,
				75C086ED17FE9B2C00023200 /* hateoff.png in Resources */,
				75C086EE17FE9B2C00023200 /* hateon.png in Resources */,
				75C086EF17FE9B2C00023200 /* likeon.png in Resources */,
				512422AC18B2B537008BEF86 /* launchOrangeG@2x.png in Resources */,
				75C086F017FE9B2C00023200 /* likeoff.png in Resources */,
				75D1DA291804837400B431FF /* CreateEntityViewController.xib in Resources */,
				75D1DAA21804CDF600B431FF /* CreatePostViewController.xib in Resources */,
				75073FA918120314009177C7 /* ViewPostViewController.xib in Resources */,
			);
			runOnlyForDeploymentPostprocessing = 0;
		};
/* End PBXResourcesBuildPhase section */

/* Begin PBXSourcesBuildPhase section */
		75CCCF3717FC03DF000BF0F4 /* Sources */ = {
			isa = PBXSourcesBuildPhase;
			buildActionMask = 2147483647;
			files = (
				75CCCF4B17FC03DF000BF0F4 /* main.m in Sources */,
				753B4FD11842F86D00863B9F /* CommentTableViewCell.m in Sources */,
				5124229818B29639008BEF86 /* ViewMultiPostsViewController.m in Sources */,
				75073FCA1814C024009177C7 /* SmallPostTableViewCell.m in Sources */,
				516609EF181F4A8E0059F8BB /* ServerConnector.m in Sources */,
				75CCCF4F17FC03DF000BF0F4 /* AppDelegate.m in Sources */,
				75073FA818120314009177C7 /* ViewPostViewController.m in Sources */,
				75C0BDCE1829785E00B34113 /* UserMenuViewController.m in Sources */,
				75CCCF6317FC04DF000BF0F4 /* BigPostTableViewCell.m in Sources */,
				75073FC61814BF1A009177C7 /* ViewEntityViewController.m in Sources */,
				7534DFC91822D75D009E5E3A /* XOXOUIViewController.m in Sources */,
				75C086E817FE695900023200 /* BIDCellView.m in Sources */,
				75D1DA281804837400B431FF /* CreateEntityViewController.m in Sources */,
				75D1DAA11804CDF600B431FF /* CreatePostViewController.m in Sources */,
				75399120182F7EF300EFC00A /* UserMenuButtonView.m in Sources */,
				756B71B4180613FA000E3486 /* Entity.m in Sources */,
				75721FD01811074E00298ACF /* EntityCell.m in Sources */,
				75073FEE1819966C009177C7 /* MapPinAnnotation.m in Sources */,
			);
			runOnlyForDeploymentPostprocessing = 0;
		};
/* End PBXSourcesBuildPhase section */

/* Begin PBXVariantGroup section */
		75CCCF4717FC03DF000BF0F4 /* InfoPlist.strings */ = {
			isa = PBXVariantGroup;
			children = (
				75CCCF4817FC03DF000BF0F4 /* en */,
			);
			name = InfoPlist.strings;
			sourceTree = "<group>";
		};
/* End PBXVariantGroup section */

/* Begin XCBuildConfiguration section */
		75CCCF5C17FC03DF000BF0F4 /* Debug */ = {
			isa = XCBuildConfiguration;
			buildSettings = {
				ALWAYS_SEARCH_USER_PATHS = NO;
				CLANG_CXX_LANGUAGE_STANDARD = "gnu++0x";
				CLANG_CXX_LIBRARY = "libc++";
				CLANG_ENABLE_OBJC_ARC = YES;
				CLANG_WARN_CONSTANT_CONVERSION = YES;
				CLANG_WARN_EMPTY_BODY = YES;
				CLANG_WARN_ENUM_CONVERSION = YES;
				CLANG_WARN_INT_CONVERSION = YES;
				CLANG_WARN__DUPLICATE_METHOD_MATCH = YES;
				"CODE_SIGN_IDENTITY[sdk=iphoneos*]" = "iPhone Developer";
				COPY_PHASE_STRIP = NO;
				GCC_C_LANGUAGE_STANDARD = gnu99;
				GCC_DYNAMIC_NO_PIC = NO;
				GCC_OPTIMIZATION_LEVEL = 0;
				GCC_PREPROCESSOR_DEFINITIONS = (
					"DEBUG=1",
					"$(inherited)",
				);
				GCC_SYMBOLS_PRIVATE_EXTERN = NO;
				GCC_WARN_ABOUT_RETURN_TYPE = YES;
				GCC_WARN_UNINITIALIZED_AUTOS = YES;
				GCC_WARN_UNUSED_VARIABLE = YES;
				IPHONEOS_DEPLOYMENT_TARGET = 7.0;
				ONLY_ACTIVE_ARCH = YES;
				PRODUCT_NAME = "SpotIt - debug mode";
				SDKROOT = iphoneos;
			};
			name = Debug;
		};
		75CCCF5D17FC03DF000BF0F4 /* Release */ = {
			isa = XCBuildConfiguration;
			buildSettings = {
				ALWAYS_SEARCH_USER_PATHS = NO;
				CLANG_CXX_LANGUAGE_STANDARD = "gnu++0x";
				CLANG_CXX_LIBRARY = "libc++";
				CLANG_ENABLE_OBJC_ARC = YES;
				CLANG_WARN_CONSTANT_CONVERSION = YES;
				CLANG_WARN_EMPTY_BODY = YES;
				CLANG_WARN_ENUM_CONVERSION = YES;
				CLANG_WARN_INT_CONVERSION = YES;
				CLANG_WARN__DUPLICATE_METHOD_MATCH = YES;
				"CODE_SIGN_IDENTITY[sdk=iphoneos*]" = "iPhone Developer";
				COPY_PHASE_STRIP = YES;
				GCC_C_LANGUAGE_STANDARD = gnu99;
				GCC_WARN_ABOUT_RETURN_TYPE = YES;
				GCC_WARN_UNINITIALIZED_AUTOS = YES;
				GCC_WARN_UNUSED_VARIABLE = YES;
				IPHONEOS_DEPLOYMENT_TARGET = 7.0;
				OTHER_CFLAGS = "-DNS_BLOCK_ASSERTIONS=1";
				PRODUCT_NAME = SpotIt;
				SDKROOT = iphoneos;
				VALIDATE_PRODUCT = YES;
			};
			name = Release;
		};
		75CCCF5F17FC03DF000BF0F4 /* Debug */ = {
			isa = XCBuildConfiguration;
			buildSettings = {
				ARCHS = "$(ARCHS_STANDARD)";
				CODE_SIGN_IDENTITY = "iPhone Developer";
				"CODE_SIGN_IDENTITY[sdk=iphoneos*]" = "iPhone Developer";
				GCC_PRECOMPILE_PREFIX_HEADER = YES;
				GCC_PREFIX_HEADER = "Cells/Cells-Prefix.pch";
				INFOPLIST_FILE = "Cells/Cells-Info.plist";
				IPHONEOS_DEPLOYMENT_TARGET = 7.0;
				PRODUCT_NAME = "SpotIt - debug mode";
				PROVISIONING_PROFILE = "";
				WRAPPER_EXTENSION = app;
			};
			name = Debug;
		};
		75CCCF6017FC03DF000BF0F4 /* Release */ = {
			isa = XCBuildConfiguration;
			buildSettings = {
				ARCHS = "$(ARCHS_STANDARD)";
				CODE_SIGN_IDENTITY = "iPhone Developer";
				"CODE_SIGN_IDENTITY[sdk=iphoneos*]" = "iPhone Developer";
				GCC_PRECOMPILE_PREFIX_HEADER = YES;
				GCC_PREFIX_HEADER = "Cells/Cells-Prefix.pch";
				INFOPLIST_FILE = "Cells/Cells-Info.plist";
				IPHONEOS_DEPLOYMENT_TARGET = 7.0;
				PRODUCT_NAME = "SpotIt ";
				PROVISIONING_PROFILE = "";
				WRAPPER_EXTENSION = app;
			};
			name = Release;
		};
/* End XCBuildConfiguration section */

/* Begin XCConfigurationList section */
		75CCCF3617FC03DF000BF0F4 /* Build configuration list for PBXProject "Cells" */ = {
			isa = XCConfigurationList;
			buildConfigurations = (
				75CCCF5C17FC03DF000BF0F4 /* Debug */,
				75CCCF5D17FC03DF000BF0F4 /* Release */,
			);
			defaultConfigurationIsVisible = 0;
			defaultConfigurationName = Release;
		};
		75CCCF5E17FC03DF000BF0F4 /* Build configuration list for PBXNativeTarget "Cells" */ = {
			isa = XCConfigurationList;
			buildConfigurations = (
				75CCCF5F17FC03DF000BF0F4 /* Debug */,
				75CCCF6017FC03DF000BF0F4 /* Release */,
			);
			defaultConfigurationIsVisible = 0;
			defaultConfigurationName = Release;
		};
/* End XCConfigurationList section */
	};
	rootObject = 75CCCF3317FC03DF000BF0F4 /* Project object */;
}
