<?xml version="1.0" encoding="UTF-8"?>
<!DOCTYPE plist PUBLIC "-//Apple//DTD PLIST 1.0//EN" "http://www.apple.com/DTDs/PropertyList-1.0.dtd">
<plist version="1.0">
<dict>
	<key>archiveVersion</key>
	<string>1</string>
	<key>classes</key>
	<dict/>
	<key>objectVersion</key>
	<string>46</string>
	<key>objects</key>
	<dict>
		<key>1BB03CC33C5F4FBBB562145C</key>
		<dict>
			<key>fileRef</key>
			<string>5C00C1927C4E43F2982860FA</string>
			<key>isa</key>
			<string>PBXBuildFile</string>
		</dict>
		<key>5101701D18170746009D9B70</key>
		<dict>
			<key>isa</key>
			<string>PBXFileReference</string>
			<key>lastKnownFileType</key>
			<string>wrapper.framework</string>
			<key>name</key>
			<string>QuartzCore.framework</string>
			<key>path</key>
			<string>System/Library/Frameworks/QuartzCore.framework</string>
			<key>sourceTree</key>
			<string>SDKROOT</string>
		</dict>
		<key>5101701F18170BC1009D9B70</key>
		<dict>
			<key>fileRef</key>
			<string>5101701D18170746009D9B70</string>
			<key>isa</key>
			<string>PBXBuildFile</string>
		</dict>
		<key>5124229618B29639008BEF86</key>
		<dict>
			<key>fileEncoding</key>
			<string>4</string>
			<key>isa</key>
			<string>PBXFileReference</string>
			<key>lastKnownFileType</key>
			<string>sourcecode.c.h</string>
			<key>path</key>
			<string>ViewMultiPostsViewController.h</string>
			<key>sourceTree</key>
			<string>&lt;group&gt;</string>
		</dict>
		<key>5124229718B29639008BEF86</key>
		<dict>
			<key>fileEncoding</key>
			<string>4</string>
			<key>isa</key>
			<string>PBXFileReference</string>
			<key>lastKnownFileType</key>
			<string>sourcecode.c.objc</string>
			<key>path</key>
			<string>ViewMultiPostsViewController.m</string>
			<key>sourceTree</key>
			<string>&lt;group&gt;</string>
		</dict>
		<key>5124229818B29639008BEF86</key>
		<dict>
			<key>fileRef</key>
			<string>5124229718B29639008BEF86</string>
			<key>isa</key>
			<string>PBXBuildFile</string>
		</dict>
		<key>5124229918B2967B008BEF86</key>
		<dict>
			<key>fileEncoding</key>
			<string>4</string>
			<key>isa</key>
			<string>PBXFileReference</string>
			<key>lastKnownFileType</key>
			<string>file.xib</string>
			<key>path</key>
			<string>ViewMultiPostsViewController.xib</string>
			<key>sourceTree</key>
			<string>&lt;group&gt;</string>
		</dict>
		<key>5124229A18B2967B008BEF86</key>
		<dict>
			<key>fileRef</key>
			<string>5124229918B2967B008BEF86</string>
			<key>isa</key>
			<string>PBXBuildFile</string>
		</dict>
		<key>5124229C18B29C5B008BEF86</key>
		<dict>
			<key>children</key>
			<array>
				<string>75C0BDCA1829785E00B34113</string>
				<string>75C0BDCB1829785E00B34113</string>
				<string>75C0BDCC1829785E00B34113</string>
				<string>75073FC31814BF1A009177C7</string>
				<string>75073FC41814BF1A009177C7</string>
				<string>75073FC51814BF1A009177C7</string>
				<string>75073FA518120314009177C7</string>
				<string>75073FA618120314009177C7</string>
				<string>75073FA718120314009177C7</string>
				<string>75D1DA9E1804CDF600B431FF</string>
				<string>75D1DA9F1804CDF600B431FF</string>
				<string>75D1DAA01804CDF600B431FF</string>
				<string>75D1DA251804837400B431FF</string>
				<string>75D1DA261804837400B431FF</string>
				<string>75D1DA271804837400B431FF</string>
				<string>512422BF18B3F36D008BEF86</string>
				<string>512422C018B3F36D008BEF86</string>
				<string>5124229618B29639008BEF86</string>
				<string>5124229718B29639008BEF86</string>
				<string>5124229918B2967B008BEF86</string>
			</array>
			<key>isa</key>
			<string>PBXGroup</string>
			<key>path</key>
			<string>ViewControllers</string>
			<key>sourceTree</key>
			<string>&lt;group&gt;</string>
		</dict>
		<key>5124229D18B29CFA008BEF86</key>
		<dict>
			<key>children</key>
			<array>
				<string>512422B118B3EAFD008BEF86</string>
				<string>51A405AF18BC547400C61438</string>
				<string>51A405B018BC547400C61438</string>
				<string>51A405AC18BC547400C61438</string>
				<string>51A405AD18BC547400C61438</string>
				<string>51A405A918BC547400C61438</string>
				<string>51A405AA18BC547400C61438</string>
				<string>51A405A618BC547400C61438</string>
				<string>51A405A718BC547400C61438</string>
				<string>51A405A318BC547400C61438</string>
				<string>51A405A418BC547400C61438</string>
				<string>51A405A018BC547400C61438</string>
				<string>51A405A118BC547400C61438</string>
				<string>51A4059D18BC547300C61438</string>
				<string>51A4059E18BC547300C61438</string>
				<string>51A4059A18BC53B900C61438</string>
				<string>51A4059B18BC53B900C61438</string>
				<string>51A4057F18BC4FB400C61438</string>
				<string>51A4058018BC4FB400C61438</string>
			</array>
			<key>isa</key>
			<string>PBXGroup</string>
			<key>path</key>
			<string>Models</string>
			<key>sourceTree</key>
			<string>&lt;group&gt;</string>
		</dict>
		<key>512422A118B29FC3008BEF86</key>
		<dict>
			<key>fileEncoding</key>
			<string>4</string>
			<key>isa</key>
			<string>PBXFileReference</string>
			<key>lastKnownFileType</key>
			<string>text.plist.xml</string>
			<key>name</key>
			<string>Cells-Info.plist</string>
			<key>path</key>
			<string>Cells/Cells-Info.plist</string>
			<key>sourceTree</key>
			<string>SOURCE_ROOT</string>
		</dict>
		<key>512422A318B2B196008BEF86</key>
		<dict>
			<key>children</key>
			<array>
				<string>5168110018B6868400B4AE0B</string>
				<string>5168110118B6868400B4AE0B</string>
				<string>512422A518B2B2AD008BEF86</string>
				<string>512422A418B2B26D008BEF86</string>
			</array>
			<key>isa</key>
			<string>PBXGroup</string>
			<key>name</key>
			<string>Icons</string>
			<key>sourceTree</key>
			<string>&lt;group&gt;</string>
		</dict>
		<key>512422A418B2B26D008BEF86</key>
		<dict>
			<key>isa</key>
			<string>PBXFileReference</string>
			<key>lastKnownFileType</key>
			<string>image.png</string>
			<key>name</key>
			<string>AppIcon60x60@2x.png</string>
			<key>path</key>
			<string>Icons/AppIcon60x60@2x.png</string>
			<key>sourceTree</key>
			<string>&lt;group&gt;</string>
		</dict>
		<key>512422A518B2B2AD008BEF86</key>
		<dict>
			<key>isa</key>
			<string>PBXFileReference</string>
			<key>lastKnownFileType</key>
			<string>image.png</string>
			<key>name</key>
			<string>AppIcon40x40@2x.png</string>
			<key>path</key>
			<string>Icons/AppIcon40x40@2x.png</string>
			<key>sourceTree</key>
			<string>&lt;group&gt;</string>
		</dict>
		<key>512422A618B2B2AD008BEF86</key>
		<dict>
			<key>fileRef</key>
			<string>512422A518B2B2AD008BEF86</string>
			<key>isa</key>
			<string>PBXBuildFile</string>
		</dict>
		<key>512422AF18B3E9C1008BEF86</key>
		<dict>
			<key>isa</key>
			<string>PBXFileReference</string>
			<key>lastKnownFileType</key>
			<string>wrapper.framework</string>
			<key>name</key>
			<string>CoreData.framework</string>
			<key>path</key>
			<string>System/Library/Frameworks/CoreData.framework</string>
			<key>sourceTree</key>
			<string>SDKROOT</string>
		</dict>
		<key>512422B018B3E9C1008BEF86</key>
		<dict>
			<key>fileRef</key>
			<string>512422AF18B3E9C1008BEF86</string>
			<key>isa</key>
			<string>PBXBuildFile</string>
		</dict>
		<key>512422B118B3EAFD008BEF86</key>
		<dict>
			<key>children</key>
			<array>
				<string>51C34ED818B5735E004CABBE</string>
				<string>51A4057B18BC4D0C00C61438</string>
				<string>5177A69A18B446F800F433DA</string>
				<string>512422B218B3EAFD008BEF86</string>
			</array>
			<key>currentVersion</key>
			<string>51A4057B18BC4D0C00C61438</string>
			<key>isa</key>
			<string>XCVersionGroup</string>
			<key>name</key>
			<string>Model.xcdatamodeld</string>
			<key>path</key>
			<string>../Model.xcdatamodeld</string>
			<key>sourceTree</key>
			<string>&lt;group&gt;</string>
			<key>versionGroupType</key>
			<string>wrapper.xcdatamodel</string>
		</dict>
		<key>512422B218B3EAFD008BEF86</key>
		<dict>
			<key>isa</key>
			<string>PBXFileReference</string>
			<key>lastKnownFileType</key>
			<string>wrapper.xcdatamodel</string>
			<key>path</key>
			<string>Model.xcdatamodel</string>
			<key>sourceTree</key>
			<string>&lt;group&gt;</string>
		</dict>
		<key>512422B318B3EAFD008BEF86</key>
		<dict>
			<key>fileRef</key>
			<string>512422B118B3EAFD008BEF86</string>
			<key>isa</key>
			<string>PBXBuildFile</string>
		</dict>
		<key>512422BF18B3F36D008BEF86</key>
		<dict>
			<key>fileEncoding</key>
			<string>4</string>
			<key>isa</key>
			<string>PBXFileReference</string>
			<key>lastKnownFileType</key>
			<string>sourcecode.c.h</string>
			<key>path</key>
			<string>MultiPostsTableViewController.h</string>
			<key>sourceTree</key>
			<string>&lt;group&gt;</string>
		</dict>
		<key>512422C018B3F36D008BEF86</key>
		<dict>
			<key>fileEncoding</key>
			<string>4</string>
			<key>isa</key>
			<string>PBXFileReference</string>
			<key>lastKnownFileType</key>
			<string>sourcecode.c.objc</string>
			<key>path</key>
			<string>MultiPostsTableViewController.m</string>
			<key>sourceTree</key>
			<string>&lt;group&gt;</string>
		</dict>
		<key>512422C118B3F36D008BEF86</key>
		<dict>
			<key>fileRef</key>
			<string>512422C018B3F36D008BEF86</string>
			<key>isa</key>
			<string>PBXBuildFile</string>
		</dict>
		<key>516609ED181F4A8E0059F8BB</key>
		<dict>
			<key>fileEncoding</key>
			<string>4</string>
			<key>isa</key>
			<string>PBXFileReference</string>
			<key>lastKnownFileType</key>
			<string>sourcecode.c.h</string>
			<key>path</key>
			<string>ServerConnector.h</string>
			<key>sourceTree</key>
			<string>&lt;group&gt;</string>
		</dict>
		<key>516609EE181F4A8E0059F8BB</key>
		<dict>
			<key>fileEncoding</key>
			<string>4</string>
			<key>isa</key>
			<string>PBXFileReference</string>
			<key>lastKnownFileType</key>
			<string>sourcecode.c.objc</string>
			<key>path</key>
			<string>ServerConnector.m</string>
			<key>sourceTree</key>
			<string>&lt;group&gt;</string>
		</dict>
		<key>516609EF181F4A8E0059F8BB</key>
		<dict>
			<key>fileRef</key>
			<string>516609EE181F4A8E0059F8BB</string>
			<key>isa</key>
			<string>PBXBuildFile</string>
		</dict>
		<key>5168110018B6868400B4AE0B</key>
		<dict>
			<key>isa</key>
			<string>PBXFileReference</string>
			<key>lastKnownFileType</key>
			<string>image.png</string>
			<key>name</key>
			<string>launchOrangeC-568h@2x.png</string>
			<key>path</key>
			<string>Icons/launchOrangeC-568h@2x.png</string>
			<key>sourceTree</key>
			<string>&lt;group&gt;</string>
		</dict>
		<key>5168110118B6868400B4AE0B</key>
		<dict>
			<key>isa</key>
			<string>PBXFileReference</string>
			<key>lastKnownFileType</key>
			<string>image.png</string>
			<key>name</key>
			<string>launchOrangeC@2x.png</string>
			<key>path</key>
			<string>Icons/launchOrangeC@2x.png</string>
			<key>sourceTree</key>
			<string>&lt;group&gt;</string>
		</dict>
		<key>5168110218B6868400B4AE0B</key>
		<dict>
			<key>fileRef</key>
			<string>5168110018B6868400B4AE0B</string>
			<key>isa</key>
			<string>PBXBuildFile</string>
		</dict>
		<key>5168110318B6868400B4AE0B</key>
		<dict>
			<key>fileRef</key>
			<string>5168110118B6868400B4AE0B</string>
			<key>isa</key>
			<string>PBXBuildFile</string>
		</dict>
		<key>5168110418B6EF1B00B4AE0B</key>
		<dict>
			<key>children</key>
			<array>
				<string>516FB2E918B6F40700088AF6</string>
				<string>516FB2EA18B6F40700088AF6</string>
				<string>516FB2E618B6EFF100088AF6</string>
				<string>516FB2E718B6EFF100088AF6</string>
			</array>
			<key>isa</key>
			<string>PBXGroup</string>
			<key>path</key>
			<string>Utilities</string>
			<key>sourceTree</key>
			<string>&lt;group&gt;</string>
		</dict>
		<key>516FB2E618B6EFF100088AF6</key>
		<dict>
			<key>fileEncoding</key>
			<string>4</string>
			<key>isa</key>
			<string>PBXFileReference</string>
			<key>lastKnownFileType</key>
			<string>sourcecode.c.h</string>
			<key>path</key>
			<string>Utility.h</string>
			<key>sourceTree</key>
			<string>&lt;group&gt;</string>
		</dict>
		<key>516FB2E718B6EFF100088AF6</key>
		<dict>
			<key>fileEncoding</key>
			<string>4</string>
			<key>isa</key>
			<string>PBXFileReference</string>
			<key>lastKnownFileType</key>
			<string>sourcecode.c.objc</string>
			<key>path</key>
			<string>Utility.m</string>
			<key>sourceTree</key>
			<string>&lt;group&gt;</string>
		</dict>
		<key>516FB2E818B6EFF100088AF6</key>
		<dict>
			<key>fileRef</key>
			<string>516FB2E718B6EFF100088AF6</string>
			<key>isa</key>
			<string>PBXBuildFile</string>
		</dict>
		<key>516FB2E918B6F40700088AF6</key>
		<dict>
			<key>fileEncoding</key>
			<string>4</string>
			<key>isa</key>
			<string>PBXFileReference</string>
			<key>lastKnownFileType</key>
			<string>sourcecode.c.h</string>
			<key>path</key>
			<string>Constants.h</string>
			<key>sourceTree</key>
			<string>&lt;group&gt;</string>
		</dict>
		<key>516FB2EA18B6F40700088AF6</key>
		<dict>
			<key>fileEncoding</key>
			<string>4</string>
			<key>isa</key>
			<string>PBXFileReference</string>
			<key>lastKnownFileType</key>
			<string>sourcecode.c.objc</string>
			<key>path</key>
			<string>Constants.m</string>
			<key>sourceTree</key>
			<string>&lt;group&gt;</string>
		</dict>
		<key>516FB2EB18B6F40700088AF6</key>
		<dict>
			<key>fileRef</key>
			<string>516FB2EA18B6F40700088AF6</string>
			<key>isa</key>
			<string>PBXBuildFile</string>
		</dict>
		<key>5177A69A18B446F800F433DA</key>
		<dict>
			<key>isa</key>
			<string>PBXFileReference</string>
			<key>lastKnownFileType</key>
			<string>wrapper.xcdatamodel</string>
			<key>path</key>
			<string>Model 2.xcdatamodel</string>
			<key>sourceTree</key>
			<string>&lt;group&gt;</string>
		</dict>
		<key>5180E32A18B7EE7500115C14</key>
		<dict>
			<key>fileEncoding</key>
			<string>4</string>
			<key>isa</key>
			<string>PBXFileReference</string>
			<key>lastKnownFileType</key>
			<string>sourcecode.c.h</string>
			<key>path</key>
			<string>TopBorderTextField.h</string>
			<key>sourceTree</key>
			<string>&lt;group&gt;</string>
		</dict>
		<key>5180E32B18B7EE7500115C14</key>
		<dict>
			<key>fileEncoding</key>
			<string>4</string>
			<key>isa</key>
			<string>PBXFileReference</string>
			<key>lastKnownFileType</key>
			<string>sourcecode.c.objc</string>
			<key>path</key>
			<string>TopBorderTextField.m</string>
			<key>sourceTree</key>
			<string>&lt;group&gt;</string>
		</dict>
		<key>5180E32C18B7EE7500115C14</key>
		<dict>
			<key>fileRef</key>
			<string>5180E32B18B7EE7500115C14</string>
			<key>isa</key>
			<string>PBXBuildFile</string>
		</dict>
		<key>5180E32D18B81A0400115C14</key>
		<dict>
			<key>fileEncoding</key>
			<string>4</string>
			<key>isa</key>
			<string>PBXFileReference</string>
			<key>lastKnownFileType</key>
			<string>sourcecode.c.h</string>
			<key>path</key>
			<string>TopBorderView.h</string>
			<key>sourceTree</key>
			<string>&lt;group&gt;</string>
		</dict>
		<key>5180E32E18B81A0400115C14</key>
		<dict>
			<key>fileEncoding</key>
			<string>4</string>
			<key>isa</key>
			<string>PBXFileReference</string>
			<key>lastKnownFileType</key>
			<string>sourcecode.c.objc</string>
			<key>path</key>
			<string>TopBorderView.m</string>
			<key>sourceTree</key>
			<string>&lt;group&gt;</string>
		</dict>
		<key>5180E32F18B81A0400115C14</key>
		<dict>
			<key>fileRef</key>
			<string>5180E32E18B81A0400115C14</string>
			<key>isa</key>
			<string>PBXBuildFile</string>
		</dict>
		<key>51A4057B18BC4D0C00C61438</key>
		<dict>
			<key>isa</key>
			<string>PBXFileReference</string>
			<key>lastKnownFileType</key>
			<string>wrapper.xcdatamodel</string>
			<key>path</key>
			<string>Model 4.xcdatamodel</string>
			<key>sourceTree</key>
			<string>&lt;group&gt;</string>
		</dict>
		<key>51A4057F18BC4FB400C61438</key>
		<dict>
			<key>fileEncoding</key>
			<string>4</string>
			<key>isa</key>
			<string>PBXFileReference</string>
			<key>lastKnownFileType</key>
			<string>sourcecode.c.h</string>
			<key>path</key>
			<string>ImageToDataTransformer.h</string>
			<key>sourceTree</key>
			<string>&lt;group&gt;</string>
		</dict>
		<key>51A4058018BC4FB400C61438</key>
		<dict>
			<key>fileEncoding</key>
			<string>4</string>
			<key>isa</key>
			<string>PBXFileReference</string>
			<key>lastKnownFileType</key>
			<string>sourcecode.c.objc</string>
			<key>path</key>
			<string>ImageToDataTransformer.m</string>
			<key>sourceTree</key>
			<string>&lt;group&gt;</string>
		</dict>
		<key>51A4058118BC4FB400C61438</key>
		<dict>
			<key>fileRef</key>
			<string>51A4058018BC4FB400C61438</string>
			<key>isa</key>
			<string>PBXBuildFile</string>
		</dict>
		<key>51A4059A18BC53B900C61438</key>
		<dict>
			<key>fileEncoding</key>
			<string>4</string>
			<key>isa</key>
			<string>PBXFileReference</string>
			<key>lastKnownFileType</key>
			<string>sourcecode.c.h</string>
			<key>path</key>
			<string>InitializedNSManagedObject.h</string>
			<key>sourceTree</key>
			<string>&lt;group&gt;</string>
		</dict>
		<key>51A4059B18BC53B900C61438</key>
		<dict>
			<key>fileEncoding</key>
			<string>4</string>
			<key>isa</key>
			<string>PBXFileReference</string>
			<key>lastKnownFileType</key>
			<string>sourcecode.c.objc</string>
			<key>path</key>
			<string>InitializedNSManagedObject.m</string>
			<key>sourceTree</key>
			<string>&lt;group&gt;</string>
		</dict>
		<key>51A4059C18BC53B900C61438</key>
		<dict>
			<key>fileRef</key>
			<string>51A4059B18BC53B900C61438</string>
			<key>isa</key>
			<string>PBXBuildFile</string>
		</dict>
		<key>51A4059D18BC547300C61438</key>
		<dict>
			<key>fileEncoding</key>
			<string>4</string>
			<key>isa</key>
			<string>PBXFileReference</string>
			<key>lastKnownFileType</key>
			<string>sourcecode.c.h</string>
			<key>path</key>
			<string>Comment.h</string>
			<key>sourceTree</key>
			<string>&lt;group&gt;</string>
		</dict>
		<key>51A4059E18BC547300C61438</key>
		<dict>
			<key>fileEncoding</key>
			<string>4</string>
			<key>isa</key>
			<string>PBXFileReference</string>
			<key>lastKnownFileType</key>
			<string>sourcecode.c.objc</string>
			<key>path</key>
			<string>Comment.m</string>
			<key>sourceTree</key>
			<string>&lt;group&gt;</string>
		</dict>
		<key>51A4059F18BC547300C61438</key>
		<dict>
			<key>fileRef</key>
			<string>51A4059E18BC547300C61438</string>
			<key>isa</key>
			<string>PBXBuildFile</string>
		</dict>
		<key>51A405A018BC547400C61438</key>
		<dict>
			<key>fileEncoding</key>
			<string>4</string>
			<key>isa</key>
			<string>PBXFileReference</string>
			<key>lastKnownFileType</key>
			<string>sourcecode.c.h</string>
			<key>path</key>
			<string>Location.h</string>
			<key>sourceTree</key>
			<string>&lt;group&gt;</string>
		</dict>
		<key>51A405A118BC547400C61438</key>
		<dict>
			<key>fileEncoding</key>
			<string>4</string>
			<key>isa</key>
			<string>PBXFileReference</string>
			<key>lastKnownFileType</key>
			<string>sourcecode.c.objc</string>
			<key>path</key>
			<string>Location.m</string>
			<key>sourceTree</key>
			<string>&lt;group&gt;</string>
		</dict>
		<key>51A405A218BC547400C61438</key>
		<dict>
			<key>fileRef</key>
			<string>51A405A118BC547400C61438</string>
			<key>isa</key>
			<string>PBXBuildFile</string>
		</dict>
		<key>51A405A318BC547400C61438</key>
		<dict>
			<key>fileEncoding</key>
			<string>4</string>
			<key>isa</key>
			<string>PBXFileReference</string>
			<key>lastKnownFileType</key>
			<string>sourcecode.c.h</string>
			<key>path</key>
			<string>Post.h</string>
			<key>sourceTree</key>
			<string>&lt;group&gt;</string>
		</dict>
		<key>51A405A418BC547400C61438</key>
		<dict>
			<key>fileEncoding</key>
			<string>4</string>
			<key>isa</key>
			<string>PBXFileReference</string>
			<key>lastKnownFileType</key>
			<string>sourcecode.c.objc</string>
			<key>path</key>
			<string>Post.m</string>
			<key>sourceTree</key>
			<string>&lt;group&gt;</string>
		</dict>
		<key>51A405A518BC547400C61438</key>
		<dict>
			<key>fileRef</key>
			<string>51A405A418BC547400C61438</string>
			<key>isa</key>
			<string>PBXBuildFile</string>
		</dict>
		<key>51A405A618BC547400C61438</key>
		<dict>
			<key>fileEncoding</key>
			<string>4</string>
			<key>isa</key>
			<string>PBXFileReference</string>
			<key>lastKnownFileType</key>
			<string>sourcecode.c.h</string>
			<key>path</key>
			<string>User.h</string>
			<key>sourceTree</key>
			<string>&lt;group&gt;</string>
		</dict>
		<key>51A405A718BC547400C61438</key>
		<dict>
			<key>fileEncoding</key>
			<string>4</string>
			<key>isa</key>
			<string>PBXFileReference</string>
			<key>lastKnownFileType</key>
			<string>sourcecode.c.objc</string>
			<key>path</key>
			<string>User.m</string>
			<key>sourceTree</key>
			<string>&lt;group&gt;</string>
		</dict>
		<key>51A405A818BC547400C61438</key>
		<dict>
			<key>fileRef</key>
			<string>51A405A718BC547400C61438</string>
			<key>isa</key>
			<string>PBXBuildFile</string>
		</dict>
		<key>51A405A918BC547400C61438</key>
		<dict>
			<key>fileEncoding</key>
			<string>4</string>
			<key>isa</key>
			<string>PBXFileReference</string>
			<key>lastKnownFileType</key>
			<string>sourcecode.c.h</string>
			<key>path</key>
			<string>Entity.h</string>
			<key>sourceTree</key>
			<string>&lt;group&gt;</string>
		</dict>
		<key>51A405AA18BC547400C61438</key>
		<dict>
			<key>fileEncoding</key>
			<string>4</string>
			<key>isa</key>
			<string>PBXFileReference</string>
			<key>lastKnownFileType</key>
			<string>sourcecode.c.objc</string>
			<key>path</key>
			<string>Entity.m</string>
			<key>sourceTree</key>
			<string>&lt;group&gt;</string>
		</dict>
		<key>51A405AB18BC547400C61438</key>
		<dict>
			<key>fileRef</key>
			<string>51A405AA18BC547400C61438</string>
			<key>isa</key>
			<string>PBXBuildFile</string>
		</dict>
		<key>51A405AC18BC547400C61438</key>
		<dict>
			<key>fileEncoding</key>
			<string>4</string>
			<key>isa</key>
			<string>PBXFileReference</string>
			<key>lastKnownFileType</key>
			<string>sourcecode.c.h</string>
			<key>path</key>
			<string>Photo.h</string>
			<key>sourceTree</key>
			<string>&lt;group&gt;</string>
		</dict>
		<key>51A405AD18BC547400C61438</key>
		<dict>
			<key>fileEncoding</key>
			<string>4</string>
			<key>isa</key>
			<string>PBXFileReference</string>
			<key>lastKnownFileType</key>
			<string>sourcecode.c.objc</string>
			<key>path</key>
			<string>Photo.m</string>
			<key>sourceTree</key>
			<string>&lt;group&gt;</string>
		</dict>
		<key>51A405AE18BC547400C61438</key>
		<dict>
			<key>fileRef</key>
			<string>51A405AD18BC547400C61438</string>
			<key>isa</key>
			<string>PBXBuildFile</string>
		</dict>
		<key>51A405AF18BC547400C61438</key>
		<dict>
			<key>fileEncoding</key>
			<string>4</string>
			<key>isa</key>
			<string>PBXFileReference</string>
			<key>lastKnownFileType</key>
			<string>sourcecode.c.h</string>
			<key>path</key>
			<string>Institution.h</string>
			<key>sourceTree</key>
			<string>&lt;group&gt;</string>
		</dict>
		<key>51A405B018BC547400C61438</key>
		<dict>
			<key>fileEncoding</key>
			<string>4</string>
			<key>isa</key>
			<string>PBXFileReference</string>
			<key>lastKnownFileType</key>
			<string>sourcecode.c.objc</string>
			<key>path</key>
			<string>Institution.m</string>
			<key>sourceTree</key>
			<string>&lt;group&gt;</string>
		</dict>
		<key>51A405B118BC547400C61438</key>
		<dict>
			<key>fileRef</key>
			<string>51A405B018BC547400C61438</string>
			<key>isa</key>
			<string>PBXBuildFile</string>
		</dict>
		<key>51C34ED818B5735E004CABBE</key>
		<dict>
			<key>isa</key>
			<string>PBXFileReference</string>
			<key>lastKnownFileType</key>
			<string>wrapper.xcdatamodel</string>
			<key>path</key>
			<string>Model 3.xcdatamodel</string>
			<key>sourceTree</key>
			<string>&lt;group&gt;</string>
		</dict>
		<key>51F176B518B5DFCB00F7A058</key>
		<dict>
			<key>fileEncoding</key>
			<string>4</string>
			<key>isa</key>
			<string>PBXFileReference</string>
			<key>lastKnownFileType</key>
			<string>sourcecode.c.h</string>
			<key>path</key>
			<string>BottomBorderTextField.h</string>
			<key>sourceTree</key>
			<string>&lt;group&gt;</string>
		</dict>
		<key>51F176B618B5DFCB00F7A058</key>
		<dict>
			<key>fileEncoding</key>
			<string>4</string>
			<key>isa</key>
			<string>PBXFileReference</string>
			<key>lastKnownFileType</key>
			<string>sourcecode.c.objc</string>
			<key>path</key>
			<string>BottomBorderTextField.m</string>
			<key>sourceTree</key>
			<string>&lt;group&gt;</string>
		</dict>
		<key>51F176B718B5DFCB00F7A058</key>
		<dict>
			<key>fileRef</key>
			<string>51F176B618B5DFCB00F7A058</string>
			<key>isa</key>
			<string>PBXBuildFile</string>
		</dict>
		<key>51F176B818B5E43000F7A058</key>
		<dict>
			<key>fileEncoding</key>
			<string>4</string>
			<key>isa</key>
			<string>PBXFileReference</string>
			<key>lastKnownFileType</key>
			<string>sourcecode.c.h</string>
			<key>path</key>
			<string>CircleViewForImage.h</string>
			<key>sourceTree</key>
			<string>&lt;group&gt;</string>
		</dict>
		<key>51F176B918B5E43000F7A058</key>
		<dict>
			<key>fileEncoding</key>
			<string>4</string>
			<key>isa</key>
			<string>PBXFileReference</string>
			<key>lastKnownFileType</key>
			<string>sourcecode.c.objc</string>
			<key>path</key>
			<string>CircleViewForImage.m</string>
			<key>sourceTree</key>
			<string>&lt;group&gt;</string>
		</dict>
		<key>51F176BA18B5E43000F7A058</key>
		<dict>
			<key>fileRef</key>
			<string>51F176B918B5E43000F7A058</string>
			<key>isa</key>
			<string>PBXBuildFile</string>
		</dict>
		<key>5C00C1927C4E43F2982860FA</key>
		<dict>
			<key>explicitFileType</key>
			<string>archive.ar</string>
			<key>includeInIndex</key>
			<string>0</string>
			<key>isa</key>
			<string>PBXFileReference</string>
			<key>path</key>
			<string>libPods-Cells.a</string>
			<key>sourceTree</key>
			<string>BUILT_PRODUCTS_DIR</string>
		</dict>
		<key>75073FA518120314009177C7</key>
		<dict>
			<key>fileEncoding</key>
			<string>4</string>
			<key>isa</key>
			<string>PBXFileReference</string>
			<key>lastKnownFileType</key>
			<string>sourcecode.c.h</string>
			<key>path</key>
			<string>ViewPostViewController.h</string>
			<key>sourceTree</key>
			<string>&lt;group&gt;</string>
		</dict>
		<key>75073FA618120314009177C7</key>
		<dict>
			<key>fileEncoding</key>
			<string>4</string>
			<key>isa</key>
			<string>PBXFileReference</string>
			<key>lastKnownFileType</key>
			<string>sourcecode.c.objc</string>
			<key>path</key>
			<string>ViewPostViewController.m</string>
			<key>sourceTree</key>
			<string>&lt;group&gt;</string>
		</dict>
		<key>75073FA718120314009177C7</key>
		<dict>
			<key>fileEncoding</key>
			<string>4</string>
			<key>isa</key>
			<string>PBXFileReference</string>
			<key>lastKnownFileType</key>
			<string>file.xib</string>
			<key>path</key>
			<string>ViewPostViewController.xib</string>
			<key>sourceTree</key>
			<string>&lt;group&gt;</string>
		</dict>
		<key>75073FA818120314009177C7</key>
		<dict>
			<key>fileRef</key>
			<string>75073FA618120314009177C7</string>
			<key>isa</key>
			<string>PBXBuildFile</string>
		</dict>
		<key>75073FA918120314009177C7</key>
		<dict>
			<key>fileRef</key>
			<string>75073FA718120314009177C7</string>
			<key>isa</key>
			<string>PBXBuildFile</string>
		</dict>
		<key>75073FBF1813B76D009177C7</key>
		<dict>
			<key>isa</key>
			<string>PBXFileReference</string>
			<key>lastKnownFileType</key>
			<string>wrapper.framework</string>
			<key>name</key>
			<string>AddressBookUI.framework</string>
			<key>path</key>
			<string>System/Library/Frameworks/AddressBookUI.framework</string>
			<key>sourceTree</key>
			<string>SDKROOT</string>
		</dict>
		<key>75073FC01813B76D009177C7</key>
		<dict>
			<key>fileRef</key>
			<string>75073FBF1813B76D009177C7</string>
			<key>isa</key>
			<string>PBXBuildFile</string>
			<key>settings</key>
			<dict>
				<key>ATTRIBUTES</key>
				<array>
					<string>Required</string>
				</array>
			</dict>
		</dict>
		<key>75073FC11813BF15009177C7</key>
		<dict>
			<key>isa</key>
			<string>PBXFileReference</string>
			<key>lastKnownFileType</key>
			<string>wrapper.framework</string>
			<key>name</key>
			<string>AddressBook.framework</string>
			<key>path</key>
			<string>System/Library/Frameworks/AddressBook.framework</string>
			<key>sourceTree</key>
			<string>SDKROOT</string>
		</dict>
		<key>75073FC21813BF15009177C7</key>
		<dict>
			<key>fileRef</key>
			<string>75073FC11813BF15009177C7</string>
			<key>isa</key>
			<string>PBXBuildFile</string>
		</dict>
		<key>75073FC31814BF1A009177C7</key>
		<dict>
			<key>fileEncoding</key>
			<string>4</string>
			<key>isa</key>
			<string>PBXFileReference</string>
			<key>lastKnownFileType</key>
			<string>sourcecode.c.h</string>
			<key>path</key>
			<string>ViewEntityViewController.h</string>
			<key>sourceTree</key>
			<string>&lt;group&gt;</string>
		</dict>
		<key>75073FC41814BF1A009177C7</key>
		<dict>
			<key>fileEncoding</key>
			<string>4</string>
			<key>isa</key>
			<string>PBXFileReference</string>
			<key>lastKnownFileType</key>
			<string>sourcecode.c.objc</string>
			<key>path</key>
			<string>ViewEntityViewController.m</string>
			<key>sourceTree</key>
			<string>&lt;group&gt;</string>
		</dict>
		<key>75073FC51814BF1A009177C7</key>
		<dict>
			<key>fileEncoding</key>
			<string>4</string>
			<key>isa</key>
			<string>PBXFileReference</string>
			<key>lastKnownFileType</key>
			<string>file.xib</string>
			<key>path</key>
			<string>ViewEntityViewController.xib</string>
			<key>sourceTree</key>
			<string>&lt;group&gt;</string>
		</dict>
		<key>75073FC61814BF1A009177C7</key>
		<dict>
			<key>fileRef</key>
			<string>75073FC41814BF1A009177C7</string>
			<key>isa</key>
			<string>PBXBuildFile</string>
		</dict>
		<key>75073FC71814BF1A009177C7</key>
		<dict>
			<key>fileRef</key>
			<string>75073FC51814BF1A009177C7</string>
			<key>isa</key>
			<string>PBXBuildFile</string>
		</dict>
		<key>75073FC81814C024009177C7</key>
		<dict>
			<key>fileEncoding</key>
			<string>4</string>
			<key>isa</key>
			<string>PBXFileReference</string>
			<key>lastKnownFileType</key>
			<string>sourcecode.c.h</string>
			<key>path</key>
			<string>SmallPostTableViewCell.h</string>
			<key>sourceTree</key>
			<string>&lt;group&gt;</string>
		</dict>
		<key>75073FC91814C024009177C7</key>
		<dict>
			<key>fileEncoding</key>
			<string>4</string>
			<key>isa</key>
			<string>PBXFileReference</string>
			<key>lastKnownFileType</key>
			<string>sourcecode.c.objc</string>
			<key>path</key>
			<string>SmallPostTableViewCell.m</string>
			<key>sourceTree</key>
			<string>&lt;group&gt;</string>
		</dict>
		<key>75073FCA1814C024009177C7</key>
		<dict>
			<key>fileRef</key>
			<string>75073FC91814C024009177C7</string>
			<key>isa</key>
			<string>PBXBuildFile</string>
		</dict>
		<key>75073FCB1814C056009177C7</key>
		<dict>
			<key>fileEncoding</key>
			<string>4</string>
			<key>isa</key>
			<string>PBXFileReference</string>
			<key>lastKnownFileType</key>
			<string>file.xib</string>
			<key>path</key>
			<string>SmallPostTableViewCell.xib</string>
			<key>sourceTree</key>
			<string>&lt;group&gt;</string>
		</dict>
		<key>75073FCC1814C056009177C7</key>
		<dict>
			<key>fileRef</key>
			<string>75073FCB1814C056009177C7</string>
			<key>isa</key>
			<string>PBXBuildFile</string>
		</dict>
		<key>75073FCD1814C11C009177C7</key>
		<dict>
			<key>children</key>
			<array>
				<string>516609ED181F4A8E0059F8BB</string>
				<string>516609EE181F4A8E0059F8BB</string>
				<string>75073FEC1819966C009177C7</string>
				<string>75073FED1819966C009177C7</string>
			</array>
			<key>isa</key>
			<string>PBXGroup</string>
			<key>path</key>
			<string>Objects</string>
			<key>sourceTree</key>
			<string>&lt;group&gt;</string>
		</dict>
		<key>75073FCE1814C13A009177C7</key>
		<dict>
			<key>children</key>
			<array>
				<string>752B5CD51854506100C0AE76</string>
				<string>75C086E917FE9B2C00023200</string>
				<string>75C086EA17FE9B2C00023200</string>
				<string>75C086EB17FE9B2C00023200</string>
				<string>75C086EC17FE9B2C00023200</string>
				<string>75C086AA17FE30B800023200</string>
				<string>75C086AB17FE30B800023200</string>
				<string>75C086AC17FE30B800023200</string>
				<string>75C086AD17FE30B800023200</string>
				<string>75C086AE17FE30B800023200</string>
			</array>
			<key>isa</key>
			<string>PBXGroup</string>
			<key>path</key>
			<string>Images</string>
			<key>sourceTree</key>
			<string>&lt;group&gt;</string>
		</dict>
		<key>75073FE818198E36009177C7</key>
		<dict>
			<key>isa</key>
			<string>PBXFileReference</string>
			<key>lastKnownFileType</key>
			<string>wrapper.framework</string>
			<key>name</key>
			<string>MapKit.framework</string>
			<key>path</key>
			<string>System/Library/Frameworks/MapKit.framework</string>
			<key>sourceTree</key>
			<string>SDKROOT</string>
		</dict>
		<key>75073FE918198E36009177C7</key>
		<dict>
			<key>fileRef</key>
			<string>75073FE818198E36009177C7</string>
			<key>isa</key>
			<string>PBXBuildFile</string>
		</dict>
		<key>75073FEA18199310009177C7</key>
		<dict>
			<key>isa</key>
			<string>PBXFileReference</string>
			<key>lastKnownFileType</key>
			<string>wrapper.framework</string>
			<key>name</key>
			<string>CoreLocation.framework</string>
			<key>path</key>
			<string>System/Library/Frameworks/CoreLocation.framework</string>
			<key>sourceTree</key>
			<string>SDKROOT</string>
		</dict>
		<key>75073FEB18199310009177C7</key>
		<dict>
			<key>fileRef</key>
			<string>75073FEA18199310009177C7</string>
			<key>isa</key>
			<string>PBXBuildFile</string>
		</dict>
		<key>75073FEC1819966C009177C7</key>
		<dict>
			<key>fileEncoding</key>
			<string>4</string>
			<key>isa</key>
			<string>PBXFileReference</string>
			<key>lastKnownFileType</key>
			<string>sourcecode.c.h</string>
			<key>path</key>
			<string>MapPinAnnotation.h</string>
			<key>sourceTree</key>
			<string>&lt;group&gt;</string>
		</dict>
		<key>75073FED1819966C009177C7</key>
		<dict>
			<key>fileEncoding</key>
			<string>4</string>
			<key>isa</key>
			<string>PBXFileReference</string>
			<key>lastKnownFileType</key>
			<string>sourcecode.c.objc</string>
			<key>path</key>
			<string>MapPinAnnotation.m</string>
			<key>sourceTree</key>
			<string>&lt;group&gt;</string>
		</dict>
		<key>75073FEE1819966C009177C7</key>
		<dict>
			<key>fileRef</key>
			<string>75073FED1819966C009177C7</string>
			<key>isa</key>
			<string>PBXBuildFile</string>
		</dict>
		<key>752B1EE117FD2B6D00F61382</key>
		<dict>
			<key>fileEncoding</key>
			<string>4</string>
			<key>isa</key>
			<string>PBXFileReference</string>
			<key>lastKnownFileType</key>
			<string>file.xib</string>
			<key>path</key>
			<string>BigPostTableViewCell.xib</string>
			<key>sourceTree</key>
			<string>&lt;group&gt;</string>
		</dict>
		<key>752B1EE217FD2B6D00F61382</key>
		<dict>
			<key>fileRef</key>
			<string>752B1EE117FD2B6D00F61382</string>
			<key>isa</key>
			<string>PBXBuildFile</string>
		</dict>
		<key>752B5CD51854506100C0AE76</key>
		<dict>
			<key>isa</key>
			<string>PBXFileReference</string>
			<key>lastKnownFileType</key>
			<string>image.png</string>
			<key>path</key>
			<string>moose.png</string>
			<key>sourceTree</key>
			<string>&lt;group&gt;</string>
		</dict>
		<key>752B5CD61854506100C0AE76</key>
		<dict>
			<key>fileRef</key>
			<string>752B5CD51854506100C0AE76</string>
			<key>isa</key>
			<string>PBXBuildFile</string>
		</dict>
		<key>7539911D182F7EA700EFC00A</key>
		<dict>
			<key>children</key>
			<array>
				<string>5180E32A18B7EE7500115C14</string>
				<string>5180E32B18B7EE7500115C14</string>
				<string>51F176B818B5E43000F7A058</string>
				<string>51F176B918B5E43000F7A058</string>
				<string>51F176B518B5DFCB00F7A058</string>
				<string>51F176B618B5DFCB00F7A058</string>
				<string>7539911E182F7EF300EFC00A</string>
				<string>7539911F182F7EF300EFC00A</string>
				<string>5180E32D18B81A0400115C14</string>
				<string>5180E32E18B81A0400115C14</string>
			</array>
			<key>isa</key>
			<string>PBXGroup</string>
			<key>path</key>
			<string>CustomViews</string>
			<key>sourceTree</key>
			<string>&lt;group&gt;</string>
		</dict>
		<key>7539911E182F7EF300EFC00A</key>
		<dict>
			<key>fileEncoding</key>
			<string>4</string>
			<key>isa</key>
			<string>PBXFileReference</string>
			<key>lastKnownFileType</key>
			<string>sourcecode.c.h</string>
			<key>path</key>
			<string>UserMenuButtonView.h</string>
			<key>sourceTree</key>
			<string>&lt;group&gt;</string>
		</dict>
		<key>7539911F182F7EF300EFC00A</key>
		<dict>
			<key>fileEncoding</key>
			<string>4</string>
			<key>isa</key>
			<string>PBXFileReference</string>
			<key>lastKnownFileType</key>
			<string>sourcecode.c.objc</string>
			<key>path</key>
			<string>UserMenuButtonView.m</string>
			<key>sourceTree</key>
			<string>&lt;group&gt;</string>
		</dict>
		<key>75399120182F7EF300EFC00A</key>
		<dict>
			<key>fileRef</key>
			<string>7539911F182F7EF300EFC00A</string>
			<key>isa</key>
			<string>PBXBuildFile</string>
		</dict>
		<key>753B4FCF1842F86D00863B9F</key>
		<dict>
			<key>fileEncoding</key>
			<string>4</string>
			<key>isa</key>
			<string>PBXFileReference</string>
			<key>lastKnownFileType</key>
			<string>sourcecode.c.h</string>
			<key>name</key>
			<string>CommentTableViewCell.h</string>
			<key>path</key>
			<string>TableViewCells/CommentTableViewCell.h</string>
			<key>sourceTree</key>
			<string>SOURCE_ROOT</string>
		</dict>
		<key>753B4FD01842F86D00863B9F</key>
		<dict>
			<key>fileEncoding</key>
			<string>4</string>
			<key>isa</key>
			<string>PBXFileReference</string>
			<key>lastKnownFileType</key>
			<string>sourcecode.c.objc</string>
			<key>name</key>
			<string>CommentTableViewCell.m</string>
			<key>path</key>
			<string>TableViewCells/CommentTableViewCell.m</string>
			<key>sourceTree</key>
			<string>SOURCE_ROOT</string>
		</dict>
		<key>753B4FD11842F86D00863B9F</key>
		<dict>
			<key>fileRef</key>
			<string>753B4FD01842F86D00863B9F</string>
			<key>isa</key>
			<string>PBXBuildFile</string>
		</dict>
		<key>753B4FD21842F91F00863B9F</key>
		<dict>
			<key>fileEncoding</key>
			<string>4</string>
			<key>isa</key>
			<string>PBXFileReference</string>
			<key>lastKnownFileType</key>
			<string>file.xib</string>
			<key>path</key>
			<string>CommentTableViewCell.xib</string>
			<key>sourceTree</key>
			<string>&lt;group&gt;</string>
		</dict>
		<key>753B4FD31842F91F00863B9F</key>
		<dict>
			<key>fileRef</key>
			<string>753B4FD21842F91F00863B9F</string>
			<key>isa</key>
			<string>PBXBuildFile</string>
		</dict>
		<key>75721FCE1811074D00298ACF</key>
		<dict>
			<key>fileEncoding</key>
			<string>4</string>
			<key>isa</key>
			<string>PBXFileReference</string>
			<key>lastKnownFileType</key>
			<string>sourcecode.c.h</string>
			<key>path</key>
			<string>EntityTableViewCell.h</string>
			<key>sourceTree</key>
			<string>&lt;group&gt;</string>
		</dict>
		<key>75721FCF1811074E00298ACF</key>
		<dict>
			<key>fileEncoding</key>
			<string>4</string>
			<key>isa</key>
			<string>PBXFileReference</string>
			<key>lastKnownFileType</key>
			<string>sourcecode.c.objc</string>
			<key>path</key>
			<string>EntityTableViewCell.m</string>
			<key>sourceTree</key>
			<string>&lt;group&gt;</string>
		</dict>
		<key>75721FD01811074E00298ACF</key>
		<dict>
			<key>fileRef</key>
			<string>75721FCF1811074E00298ACF</string>
			<key>isa</key>
			<string>PBXBuildFile</string>
		</dict>
		<key>75721FD1181107D600298ACF</key>
		<dict>
			<key>fileEncoding</key>
			<string>4</string>
			<key>isa</key>
			<string>PBXFileReference</string>
			<key>lastKnownFileType</key>
			<string>file.xib</string>
			<key>path</key>
			<string>EntityTableViewCell.xib</string>
			<key>sourceTree</key>
			<string>&lt;group&gt;</string>
		</dict>
		<key>75721FD2181107D600298ACF</key>
		<dict>
			<key>fileRef</key>
			<string>75721FD1181107D600298ACF</string>
			<key>isa</key>
			<string>PBXBuildFile</string>
		</dict>
		<key>75C086AA17FE30B800023200</key>
		<dict>
			<key>isa</key>
			<string>PBXFileReference</string>
			<key>lastKnownFileType</key>
			<string>image.png</string>
			<key>path</key>
			<string>pic1.png</string>
			<key>sourceTree</key>
			<string>&lt;group&gt;</string>
		</dict>
		<key>75C086AB17FE30B800023200</key>
		<dict>
			<key>isa</key>
			<string>PBXFileReference</string>
			<key>lastKnownFileType</key>
			<string>image.png</string>
			<key>path</key>
			<string>pic2.png</string>
			<key>sourceTree</key>
			<string>&lt;group&gt;</string>
		</dict>
		<key>75C086AC17FE30B800023200</key>
		<dict>
			<key>isa</key>
			<string>PBXFileReference</string>
			<key>lastKnownFileType</key>
			<string>image.png</string>
			<key>path</key>
			<string>pic3.png</string>
			<key>sourceTree</key>
			<string>&lt;group&gt;</string>
		</dict>
		<key>75C086AD17FE30B800023200</key>
		<dict>
			<key>isa</key>
			<string>PBXFileReference</string>
			<key>lastKnownFileType</key>
			<string>image.png</string>
			<key>path</key>
			<string>pic4.png</string>
			<key>sourceTree</key>
			<string>&lt;group&gt;</string>
		</dict>
		<key>75C086AE17FE30B800023200</key>
		<dict>
			<key>isa</key>
			<string>PBXFileReference</string>
			<key>lastKnownFileType</key>
			<string>image.png</string>
			<key>path</key>
			<string>pic5.png</string>
			<key>sourceTree</key>
			<string>&lt;group&gt;</string>
		</dict>
		<key>75C086AF17FE30B800023200</key>
		<dict>
			<key>fileRef</key>
			<string>75C086AA17FE30B800023200</string>
			<key>isa</key>
			<string>PBXBuildFile</string>
		</dict>
		<key>75C086B017FE30B800023200</key>
		<dict>
			<key>fileRef</key>
			<string>75C086AB17FE30B800023200</string>
			<key>isa</key>
			<string>PBXBuildFile</string>
		</dict>
		<key>75C086B117FE30B800023200</key>
		<dict>
			<key>fileRef</key>
			<string>75C086AC17FE30B800023200</string>
			<key>isa</key>
			<string>PBXBuildFile</string>
		</dict>
		<key>75C086B217FE30B800023200</key>
		<dict>
			<key>fileRef</key>
			<string>75C086AD17FE30B800023200</string>
			<key>isa</key>
			<string>PBXBuildFile</string>
		</dict>
		<key>75C086B317FE30B800023200</key>
		<dict>
			<key>fileRef</key>
			<string>75C086AE17FE30B800023200</string>
			<key>isa</key>
			<string>PBXBuildFile</string>
		</dict>
		<key>75C086E617FE695900023200</key>
		<dict>
			<key>fileEncoding</key>
			<string>4</string>
			<key>isa</key>
			<string>PBXFileReference</string>
			<key>lastKnownFileType</key>
			<string>sourcecode.c.h</string>
			<key>path</key>
			<string>BIDCellView.h</string>
			<key>sourceTree</key>
			<string>&lt;group&gt;</string>
		</dict>
		<key>75C086E717FE695900023200</key>
		<dict>
			<key>fileEncoding</key>
			<string>4</string>
			<key>isa</key>
			<string>PBXFileReference</string>
			<key>lastKnownFileType</key>
			<string>sourcecode.c.objc</string>
			<key>path</key>
			<string>BIDCellView.m</string>
			<key>sourceTree</key>
			<string>&lt;group&gt;</string>
		</dict>
		<key>75C086E817FE695900023200</key>
		<dict>
			<key>fileRef</key>
			<string>75C086E717FE695900023200</string>
			<key>isa</key>
			<string>PBXBuildFile</string>
		</dict>
		<key>75C086E917FE9B2C00023200</key>
		<dict>
			<key>isa</key>
			<string>PBXFileReference</string>
			<key>lastKnownFileType</key>
			<string>image.png</string>
			<key>path</key>
			<string>hateoff.png</string>
			<key>sourceTree</key>
			<string>&lt;group&gt;</string>
		</dict>
		<key>75C086EA17FE9B2C00023200</key>
		<dict>
			<key>isa</key>
			<string>PBXFileReference</string>
			<key>lastKnownFileType</key>
			<string>image.png</string>
			<key>path</key>
			<string>hateon.png</string>
			<key>sourceTree</key>
			<string>&lt;group&gt;</string>
		</dict>
		<key>75C086EB17FE9B2C00023200</key>
		<dict>
			<key>isa</key>
			<string>PBXFileReference</string>
			<key>lastKnownFileType</key>
			<string>image.png</string>
			<key>path</key>
			<string>likeon.png</string>
			<key>sourceTree</key>
			<string>&lt;group&gt;</string>
		</dict>
		<key>75C086EC17FE9B2C00023200</key>
		<dict>
			<key>isa</key>
			<string>PBXFileReference</string>
			<key>lastKnownFileType</key>
			<string>image.png</string>
			<key>path</key>
			<string>likeoff.png</string>
			<key>sourceTree</key>
			<string>&lt;group&gt;</string>
		</dict>
		<key>75C086ED17FE9B2C00023200</key>
		<dict>
			<key>fileRef</key>
			<string>75C086E917FE9B2C00023200</string>
			<key>isa</key>
			<string>PBXBuildFile</string>
		</dict>
		<key>75C086EE17FE9B2C00023200</key>
		<dict>
			<key>fileRef</key>
			<string>75C086EA17FE9B2C00023200</string>
			<key>isa</key>
			<string>PBXBuildFile</string>
		</dict>
		<key>75C086EF17FE9B2C00023200</key>
		<dict>
			<key>fileRef</key>
			<string>75C086EB17FE9B2C00023200</string>
			<key>isa</key>
			<string>PBXBuildFile</string>
		</dict>
		<key>75C086F017FE9B2C00023200</key>
		<dict>
			<key>fileRef</key>
			<string>75C086EC17FE9B2C00023200</string>
			<key>isa</key>
			<string>PBXBuildFile</string>
		</dict>
		<key>75C0BDCA1829785E00B34113</key>
		<dict>
			<key>fileEncoding</key>
			<string>4</string>
			<key>isa</key>
			<string>PBXFileReference</string>
			<key>lastKnownFileType</key>
			<string>file.xib</string>
			<key>path</key>
			<string>UserMenuViewController.xib</string>
			<key>sourceTree</key>
			<string>&lt;group&gt;</string>
		</dict>
		<key>75C0BDCB1829785E00B34113</key>
		<dict>
			<key>fileEncoding</key>
			<string>4</string>
			<key>isa</key>
			<string>PBXFileReference</string>
			<key>lastKnownFileType</key>
			<string>sourcecode.c.h</string>
			<key>path</key>
			<string>UserMenuViewController.h</string>
			<key>sourceTree</key>
			<string>&lt;group&gt;</string>
		</dict>
		<key>75C0BDCC1829785E00B34113</key>
		<dict>
			<key>fileEncoding</key>
			<string>4</string>
			<key>isa</key>
			<string>PBXFileReference</string>
			<key>lastKnownFileType</key>
			<string>sourcecode.c.objc</string>
			<key>path</key>
			<string>UserMenuViewController.m</string>
			<key>sourceTree</key>
			<string>&lt;group&gt;</string>
		</dict>
		<key>75C0BDCD1829785E00B34113</key>
		<dict>
			<key>fileRef</key>
			<string>75C0BDCA1829785E00B34113</string>
			<key>isa</key>
			<string>PBXBuildFile</string>
		</dict>
		<key>75C0BDCE1829785E00B34113</key>
		<dict>
			<key>fileRef</key>
			<string>75C0BDCC1829785E00B34113</string>
			<key>isa</key>
			<string>PBXBuildFile</string>
		</dict>
		<key>75CCCF3217FC03DF000BF0F4</key>
		<dict>
			<key>children</key>
			<array>
				<string>5168110418B6EF1B00B4AE0B</string>
				<string>512422A318B2B196008BEF86</string>
				<string>5124229D18B29CFA008BEF86</string>
				<string>5124229C18B29C5B008BEF86</string>
				<string>75CCCF4417FC03DF000BF0F4</string>
				<string>7539911D182F7EA700EFC00A</string>
				<string>75073FCD1814C11C009177C7</string>
				<string>75073FCE1814C13A009177C7</string>
				<string>75CCCF4517FC03DF000BF0F4</string>
				<string>75CCCF3D17FC03DF000BF0F4</string>
				<string>75CCCF3C17FC03DF000BF0F4</string>
				<string>F75D3B90DF4C4E4C8683B2BF</string>
			</array>
			<key>isa</key>
			<string>PBXGroup</string>
			<key>sourceTree</key>
			<string>&lt;group&gt;</string>
		</dict>
		<key>75CCCF3317FC03DF000BF0F4</key>
		<dict>
			<key>attributes</key>
			<dict>
				<key>CLASSPREFIX</key>
				<string>BID</string>
				<key>LastUpgradeCheck</key>
				<string>0500</string>
				<key>ORGANIZATIONNAME</key>
				<string>WYY</string>
				<key>TargetAttributes</key>
				<dict>
					<key>75CCCF3A17FC03DF000BF0F4</key>
					<dict>
						<key>DevelopmentTeam</key>
						<string>4AKZFCP9WW</string>
					</dict>
				</dict>
			</dict>
			<key>buildConfigurationList</key>
			<string>75CCCF3617FC03DF000BF0F4</string>
			<key>compatibilityVersion</key>
			<string>Xcode 3.2</string>
			<key>developmentRegion</key>
			<string>English</string>
			<key>hasScannedForEncodings</key>
			<string>0</string>
			<key>isa</key>
			<string>PBXProject</string>
			<key>knownRegions</key>
			<array>
				<string>en</string>
			</array>
			<key>mainGroup</key>
			<string>75CCCF3217FC03DF000BF0F4</string>
			<key>productRefGroup</key>
			<string>75CCCF3C17FC03DF000BF0F4</string>
			<key>projectDirPath</key>
			<string></string>
			<key>projectReferences</key>
			<array/>
			<key>projectRoot</key>
			<string></string>
			<key>targets</key>
			<array>
				<string>75CCCF3A17FC03DF000BF0F4</string>
			</array>
		</dict>
		<key>75CCCF3617FC03DF000BF0F4</key>
		<dict>
			<key>buildConfigurations</key>
			<array>
				<string>75CCCF5C17FC03DF000BF0F4</string>
				<string>75CCCF5D17FC03DF000BF0F4</string>
			</array>
			<key>defaultConfigurationIsVisible</key>
			<string>0</string>
			<key>defaultConfigurationName</key>
			<string>Release</string>
			<key>isa</key>
			<string>XCConfigurationList</string>
		</dict>
		<key>75CCCF3717FC03DF000BF0F4</key>
		<dict>
			<key>buildActionMask</key>
			<string>2147483647</string>
			<key>files</key>
			<array>
				<string>75CCCF4B17FC03DF000BF0F4</string>
				<string>753B4FD11842F86D00863B9F</string>
				<string>51A405B118BC547400C61438</string>
				<string>51A405A218BC547400C61438</string>
				<string>5124229818B29639008BEF86</string>
				<string>516FB2E818B6EFF100088AF6</string>
				<string>5180E32C18B7EE7500115C14</string>
				<string>51A4058118BC4FB400C61438</string>
				<string>75073FCA1814C024009177C7</string>
				<string>516609EF181F4A8E0059F8BB</string>
				<string>75CCCF4F17FC03DF000BF0F4</string>
				<string>51F176BA18B5E43000F7A058</string>
				<string>75073FA818120314009177C7</string>
				<string>516FB2EB18B6F40700088AF6</string>
				<string>75C0BDCE1829785E00B34113</string>
				<string>75CCCF6317FC04DF000BF0F4</string>
				<string>51A405A818BC547400C61438</string>
				<string>75073FC61814BF1A009177C7</string>
				<string>51A405A518BC547400C61438</string>
				<string>5180E32F18B81A0400115C14</string>
				<string>51A405AB18BC547400C61438</string>
				<string>75C086E817FE695900023200</string>
				<string>75D1DA281804837400B431FF</string>
				<string>75D1DAA11804CDF600B431FF</string>
				<string>75399120182F7EF300EFC00A</string>
				<string>51A405AE18BC547400C61438</string>
				<string>51A4059F18BC547300C61438</string>
				<string>75721FD01811074E00298ACF</string>
				<string>512422C118B3F36D008BEF86</string>
				<string>512422B318B3EAFD008BEF86</string>
				<string>51F176B718B5DFCB00F7A058</string>
				<string>75073FEE1819966C009177C7</string>
				<string>51A4059C18BC53B900C61438</string>
			</array>
			<key>isa</key>
			<string>PBXSourcesBuildPhase</string>
			<key>runOnlyForDeploymentPostprocessing</key>
			<string>0</string>
		</dict>
		<key>75CCCF3817FC03DF000BF0F4</key>
		<dict>
			<key>buildActionMask</key>
			<string>2147483647</string>
			<key>files</key>
			<array>
				<string>512422B018B3E9C1008BEF86</string>
				<string>75073FEB18199310009177C7</string>
				<string>75073FE918198E36009177C7</string>
				<string>5101701F18170BC1009D9B70</string>
				<string>75073FC21813BF15009177C7</string>
				<string>75073FC01813B76D009177C7</string>
				<string>75CCCF3F17FC03DF000BF0F4</string>
				<string>75CCCF4117FC03DF000BF0F4</string>
				<string>75CCCF4317FC03DF000BF0F4</string>
				<string>1BB03CC33C5F4FBBB562145C</string>
			</array>
			<key>isa</key>
			<string>PBXFrameworksBuildPhase</string>
			<key>runOnlyForDeploymentPostprocessing</key>
			<string>0</string>
		</dict>
		<key>75CCCF3917FC03DF000BF0F4</key>
		<dict>
			<key>buildActionMask</key>
			<string>2147483647</string>
			<key>files</key>
			<array>
				<string>75CCCF4917FC03DF000BF0F4</string>
				<string>75721FD2181107D600298ACF</string>
				<string>5168110218B6868400B4AE0B</string>
				<string>5124229A18B2967B008BEF86</string>
				<string>512422A618B2B2AD008BEF86</string>
				<string>752B1EE217FD2B6D00F61382</string>
				<string>75C086AF17FE30B800023200</string>
				<string>75C086B017FE30B800023200</string>
				<string>75C086B117FE30B800023200</string>
				<string>752B5CD61854506100C0AE76</string>
				<string>75C086B217FE30B800023200</string>
				<string>753B4FD31842F91F00863B9F</string>
				<string>75C086B317FE30B800023200</string>
				<string>75C0BDCD1829785E00B34113</string>
				<string>75073FC71814BF1A009177C7</string>
				<string>75073FCC1814C056009177C7</string>
				<string>75C086ED17FE9B2C00023200</string>
				<string>75C086EE17FE9B2C00023200</string>
				<string>75C086EF17FE9B2C00023200</string>
				<string>5168110318B6868400B4AE0B</string>
				<string>75C086F017FE9B2C00023200</string>
				<string>75D1DA291804837400B431FF</string>
				<string>75D1DAA21804CDF600B431FF</string>
				<string>75073FA918120314009177C7</string>
			</array>
			<key>isa</key>
			<string>PBXResourcesBuildPhase</string>
			<key>runOnlyForDeploymentPostprocessing</key>
			<string>0</string>
		</dict>
		<key>75CCCF3A17FC03DF000BF0F4</key>
		<dict>
			<key>buildConfigurationList</key>
			<string>75CCCF5E17FC03DF000BF0F4</string>
			<key>buildPhases</key>
			<array>
				<string>89BE3CA7E45A4DC6A554D59E</string>
				<string>75CCCF3717FC03DF000BF0F4</string>
				<string>75CCCF3817FC03DF000BF0F4</string>
				<string>75CCCF3917FC03DF000BF0F4</string>
				<string>ABB0FD97D0284C82A18B17C4</string>
			</array>
			<key>buildRules</key>
			<array/>
			<key>dependencies</key>
			<array/>
			<key>isa</key>
			<string>PBXNativeTarget</string>
			<key>name</key>
			<string>Cells</string>
			<key>productName</key>
			<string>Cells</string>
			<key>productReference</key>
			<string>75CCCF3B17FC03DF000BF0F4</string>
			<key>productType</key>
			<string>com.apple.product-type.application</string>
		</dict>
		<key>75CCCF3B17FC03DF000BF0F4</key>
		<dict>
			<key>explicitFileType</key>
			<string>wrapper.application</string>
			<key>includeInIndex</key>
			<string>0</string>
			<key>isa</key>
			<string>PBXFileReference</string>
			<key>path</key>
			<string>ChatterBox - debug mode.app</string>
			<key>sourceTree</key>
			<string>BUILT_PRODUCTS_DIR</string>
		</dict>
		<key>75CCCF3C17FC03DF000BF0F4</key>
		<dict>
			<key>children</key>
			<array>
				<string>75CCCF3B17FC03DF000BF0F4</string>
			</array>
			<key>isa</key>
			<string>PBXGroup</string>
			<key>name</key>
			<string>Products</string>
			<key>sourceTree</key>
			<string>&lt;group&gt;</string>
		</dict>
		<key>75CCCF3D17FC03DF000BF0F4</key>
		<dict>
			<key>children</key>
			<array>
				<string>512422AF18B3E9C1008BEF86</string>
				<string>75073FEA18199310009177C7</string>
				<string>75073FE818198E36009177C7</string>
				<string>5101701D18170746009D9B70</string>
				<string>75073FC11813BF15009177C7</string>
				<string>75073FBF1813B76D009177C7</string>
				<string>75CCCF3E17FC03DF000BF0F4</string>
				<string>75CCCF4017FC03DF000BF0F4</string>
				<string>75CCCF4217FC03DF000BF0F4</string>
				<string>5C00C1927C4E43F2982860FA</string>
			</array>
			<key>isa</key>
			<string>PBXGroup</string>
			<key>name</key>
			<string>Frameworks</string>
			<key>sourceTree</key>
			<string>&lt;group&gt;</string>
		</dict>
		<key>75CCCF3E17FC03DF000BF0F4</key>
		<dict>
			<key>isa</key>
			<string>PBXFileReference</string>
			<key>lastKnownFileType</key>
			<string>wrapper.framework</string>
			<key>name</key>
			<string>UIKit.framework</string>
			<key>path</key>
			<string>System/Library/Frameworks/UIKit.framework</string>
			<key>sourceTree</key>
			<string>SDKROOT</string>
		</dict>
		<key>75CCCF3F17FC03DF000BF0F4</key>
		<dict>
			<key>fileRef</key>
			<string>75CCCF3E17FC03DF000BF0F4</string>
			<key>isa</key>
			<string>PBXBuildFile</string>
		</dict>
		<key>75CCCF4017FC03DF000BF0F4</key>
		<dict>
			<key>isa</key>
			<string>PBXFileReference</string>
			<key>lastKnownFileType</key>
			<string>wrapper.framework</string>
			<key>name</key>
			<string>Foundation.framework</string>
			<key>path</key>
			<string>System/Library/Frameworks/Foundation.framework</string>
			<key>sourceTree</key>
			<string>SDKROOT</string>
		</dict>
		<key>75CCCF4117FC03DF000BF0F4</key>
		<dict>
			<key>fileRef</key>
			<string>75CCCF4017FC03DF000BF0F4</string>
			<key>isa</key>
			<string>PBXBuildFile</string>
		</dict>
		<key>75CCCF4217FC03DF000BF0F4</key>
		<dict>
			<key>isa</key>
			<string>PBXFileReference</string>
			<key>lastKnownFileType</key>
			<string>wrapper.framework</string>
			<key>name</key>
			<string>CoreGraphics.framework</string>
			<key>path</key>
			<string>System/Library/Frameworks/CoreGraphics.framework</string>
			<key>sourceTree</key>
			<string>SDKROOT</string>
		</dict>
		<key>75CCCF4317FC03DF000BF0F4</key>
		<dict>
			<key>fileRef</key>
			<string>75CCCF4217FC03DF000BF0F4</string>
			<key>isa</key>
			<string>PBXBuildFile</string>
		</dict>
		<key>75CCCF4417FC03DF000BF0F4</key>
		<dict>
			<key>children</key>
			<array>
				<string>75721FD1181107D600298ACF</string>
				<string>75721FCE1811074D00298ACF</string>
				<string>75721FCF1811074E00298ACF</string>
				<string>75073FCB1814C056009177C7</string>
				<string>75073FC81814C024009177C7</string>
				<string>75073FC91814C024009177C7</string>
				<string>75CCCF6117FC04DF000BF0F4</string>
				<string>75CCCF6217FC04DF000BF0F4</string>
				<string>752B1EE117FD2B6D00F61382</string>
				<string>75C086E617FE695900023200</string>
				<string>75C086E717FE695900023200</string>
				<string>753B4FCF1842F86D00863B9F</string>
				<string>753B4FD01842F86D00863B9F</string>
				<string>753B4FD21842F91F00863B9F</string>
			</array>
			<key>isa</key>
			<string>PBXGroup</string>
			<key>path</key>
			<string>TableViewCells</string>
			<key>sourceTree</key>
			<string>&lt;group&gt;</string>
		</dict>
		<key>75CCCF4517FC03DF000BF0F4</key>
		<dict>
			<key>children</key>
			<array>
				<string>75CCCF4D17FC03DF000BF0F4</string>
				<string>512422A118B29FC3008BEF86</string>
				<string>75CCCF4E17FC03DF000BF0F4</string>
				<string>75CCCF4717FC03DF000BF0F4</string>
				<string>75CCCF4A17FC03DF000BF0F4</string>
				<string>75CCCF4C17FC03DF000BF0F4</string>
			</array>
			<key>isa</key>
			<string>PBXGroup</string>
			<key>path</key>
			<string>Supporting Files</string>
			<key>sourceTree</key>
			<string>&lt;group&gt;</string>
		</dict>
		<key>75CCCF4717FC03DF000BF0F4</key>
		<dict>
			<key>children</key>
			<array>
				<string>75CCCF4817FC03DF000BF0F4</string>
			</array>
			<key>isa</key>
			<string>PBXVariantGroup</string>
			<key>name</key>
			<string>InfoPlist.strings</string>
			<key>sourceTree</key>
			<string>&lt;group&gt;</string>
		</dict>
		<key>75CCCF4817FC03DF000BF0F4</key>
		<dict>
			<key>isa</key>
			<string>PBXFileReference</string>
			<key>lastKnownFileType</key>
			<string>text.plist.strings</string>
			<key>name</key>
			<string>en</string>
			<key>path</key>
			<string>en.lproj/InfoPlist.strings</string>
			<key>sourceTree</key>
			<string>&lt;group&gt;</string>
		</dict>
		<key>75CCCF4917FC03DF000BF0F4</key>
		<dict>
			<key>fileRef</key>
			<string>75CCCF4717FC03DF000BF0F4</string>
			<key>isa</key>
			<string>PBXBuildFile</string>
		</dict>
		<key>75CCCF4A17FC03DF000BF0F4</key>
		<dict>
			<key>isa</key>
			<string>PBXFileReference</string>
			<key>lastKnownFileType</key>
			<string>sourcecode.c.objc</string>
			<key>path</key>
			<string>main.m</string>
			<key>sourceTree</key>
			<string>&lt;group&gt;</string>
		</dict>
		<key>75CCCF4B17FC03DF000BF0F4</key>
		<dict>
			<key>fileRef</key>
			<string>75CCCF4A17FC03DF000BF0F4</string>
			<key>isa</key>
			<string>PBXBuildFile</string>
		</dict>
		<key>75CCCF4C17FC03DF000BF0F4</key>
		<dict>
			<key>isa</key>
			<string>PBXFileReference</string>
			<key>lastKnownFileType</key>
			<string>sourcecode.c.h</string>
			<key>name</key>
			<string>Cells-Prefix.pch</string>
			<key>path</key>
			<string>../Cells/Cells-Prefix.pch</string>
			<key>sourceTree</key>
			<string>&lt;group&gt;</string>
		</dict>
		<key>75CCCF4D17FC03DF000BF0F4</key>
		<dict>
			<key>isa</key>
			<string>PBXFileReference</string>
			<key>lastKnownFileType</key>
			<string>sourcecode.c.h</string>
			<key>path</key>
			<string>AppDelegate.h</string>
			<key>sourceTree</key>
			<string>&lt;group&gt;</string>
		</dict>
		<key>75CCCF4E17FC03DF000BF0F4</key>
		<dict>
			<key>isa</key>
			<string>PBXFileReference</string>
			<key>lastKnownFileType</key>
			<string>sourcecode.c.objc</string>
			<key>path</key>
			<string>AppDelegate.m</string>
			<key>sourceTree</key>
			<string>&lt;group&gt;</string>
		</dict>
		<key>75CCCF4F17FC03DF000BF0F4</key>
		<dict>
			<key>fileRef</key>
			<string>75CCCF4E17FC03DF000BF0F4</string>
			<key>isa</key>
			<string>PBXBuildFile</string>
		</dict>
		<key>75CCCF5C17FC03DF000BF0F4</key>
		<dict>
			<key>buildSettings</key>
			<dict>
				<key>ALWAYS_SEARCH_USER_PATHS</key>
				<string>NO</string>
				<key>CLANG_CXX_LANGUAGE_STANDARD</key>
				<string>gnu++0x</string>
				<key>CLANG_CXX_LIBRARY</key>
				<string>libc++</string>
				<key>CLANG_ENABLE_OBJC_ARC</key>
				<string>YES</string>
				<key>CLANG_WARN_CONSTANT_CONVERSION</key>
				<string>YES</string>
				<key>CLANG_WARN_EMPTY_BODY</key>
				<string>YES</string>
				<key>CLANG_WARN_ENUM_CONVERSION</key>
				<string>YES</string>
				<key>CLANG_WARN_INT_CONVERSION</key>
				<string>YES</string>
				<key>CLANG_WARN__DUPLICATE_METHOD_MATCH</key>
				<string>YES</string>
				<key>CODE_SIGN_IDENTITY[sdk=iphoneos*]</key>
				<string>iPhone Developer</string>
				<key>COPY_PHASE_STRIP</key>
				<string>NO</string>
				<key>GCC_C_LANGUAGE_STANDARD</key>
				<string>gnu99</string>
				<key>GCC_DYNAMIC_NO_PIC</key>
				<string>NO</string>
				<key>GCC_OPTIMIZATION_LEVEL</key>
				<string>0</string>
				<key>GCC_PREPROCESSOR_DEFINITIONS</key>
				<array>
					<string>DEBUG=1</string>
					<string>$(inherited)</string>
				</array>
				<key>GCC_SYMBOLS_PRIVATE_EXTERN</key>
				<string>NO</string>
				<key>GCC_WARN_ABOUT_RETURN_TYPE</key>
				<string>YES</string>
				<key>GCC_WARN_UNINITIALIZED_AUTOS</key>
				<string>YES</string>
				<key>GCC_WARN_UNUSED_VARIABLE</key>
				<string>YES</string>
				<key>IPHONEOS_DEPLOYMENT_TARGET</key>
				<string>7.0</string>
				<key>ONLY_ACTIVE_ARCH</key>
				<string>YES</string>
				<key>PRODUCT_NAME</key>
				<string>SpotIt - debug mode</string>
				<key>SDKROOT</key>
				<string>iphoneos</string>
			</dict>
			<key>isa</key>
			<string>XCBuildConfiguration</string>
			<key>name</key>
			<string>Debug</string>
		</dict>
		<key>75CCCF5D17FC03DF000BF0F4</key>
		<dict>
			<key>buildSettings</key>
			<dict>
				<key>ALWAYS_SEARCH_USER_PATHS</key>
				<string>NO</string>
				<key>CLANG_CXX_LANGUAGE_STANDARD</key>
				<string>gnu++0x</string>
				<key>CLANG_CXX_LIBRARY</key>
				<string>libc++</string>
				<key>CLANG_ENABLE_OBJC_ARC</key>
				<string>YES</string>
				<key>CLANG_WARN_CONSTANT_CONVERSION</key>
				<string>YES</string>
				<key>CLANG_WARN_EMPTY_BODY</key>
				<string>YES</string>
				<key>CLANG_WARN_ENUM_CONVERSION</key>
				<string>YES</string>
				<key>CLANG_WARN_INT_CONVERSION</key>
				<string>YES</string>
				<key>CLANG_WARN__DUPLICATE_METHOD_MATCH</key>
				<string>YES</string>
				<key>CODE_SIGN_IDENTITY[sdk=iphoneos*]</key>
				<string>iPhone Developer</string>
				<key>COPY_PHASE_STRIP</key>
				<string>YES</string>
				<key>GCC_C_LANGUAGE_STANDARD</key>
				<string>gnu99</string>
				<key>GCC_WARN_ABOUT_RETURN_TYPE</key>
				<string>YES</string>
				<key>GCC_WARN_UNINITIALIZED_AUTOS</key>
				<string>YES</string>
				<key>GCC_WARN_UNUSED_VARIABLE</key>
				<string>YES</string>
				<key>IPHONEOS_DEPLOYMENT_TARGET</key>
				<string>7.0</string>
				<key>OTHER_CFLAGS</key>
				<string>-DNS_BLOCK_ASSERTIONS=1</string>
				<key>PRODUCT_NAME</key>
				<string>SpotIt</string>
				<key>SDKROOT</key>
				<string>iphoneos</string>
				<key>VALIDATE_PRODUCT</key>
				<string>YES</string>
			</dict>
			<key>isa</key>
			<string>XCBuildConfiguration</string>
			<key>name</key>
			<string>Release</string>
		</dict>
		<key>75CCCF5E17FC03DF000BF0F4</key>
		<dict>
			<key>buildConfigurations</key>
			<array>
				<string>75CCCF5F17FC03DF000BF0F4</string>
				<string>75CCCF6017FC03DF000BF0F4</string>
			</array>
			<key>defaultConfigurationIsVisible</key>
			<string>0</string>
			<key>defaultConfigurationName</key>
			<string>Release</string>
			<key>isa</key>
			<string>XCConfigurationList</string>
		</dict>
		<key>75CCCF5F17FC03DF000BF0F4</key>
		<dict>
			<key>baseConfigurationReference</key>
			<string>F75D3B90DF4C4E4C8683B2BF</string>
			<key>buildSettings</key>
			<dict>
				<key>CODE_SIGN_IDENTITY</key>
				<string>iPhone Developer</string>
				<key>CODE_SIGN_IDENTITY[sdk=iphoneos*]</key>
				<string>iPhone Developer</string>
				<key>GCC_PRECOMPILE_PREFIX_HEADER</key>
				<string>YES</string>
				<key>GCC_PREFIX_HEADER</key>
				<string>Cells/Cells-Prefix.pch</string>
				<key>INFOPLIST_FILE</key>
				<string>Cells/Cells-Info.plist</string>
				<key>IPHONEOS_DEPLOYMENT_TARGET</key>
				<string>7.0</string>
				<key>PRODUCT_NAME</key>
				<string>ChatterBox - debug mode</string>
				<key>PROVISIONING_PROFILE</key>
				<string></string>
				<key>WRAPPER_EXTENSION</key>
				<string>app</string>
			</dict>
			<key>isa</key>
			<string>XCBuildConfiguration</string>
			<key>name</key>
			<string>Debug</string>
		</dict>
		<key>75CCCF6017FC03DF000BF0F4</key>
		<dict>
			<key>baseConfigurationReference</key>
			<string>F75D3B90DF4C4E4C8683B2BF</string>
			<key>buildSettings</key>
			<dict>
				<key>CODE_SIGN_IDENTITY</key>
				<string>iPhone Developer</string>
				<key>CODE_SIGN_IDENTITY[sdk=iphoneos*]</key>
				<string>iPhone Developer</string>
				<key>GCC_PRECOMPILE_PREFIX_HEADER</key>
				<string>YES</string>
				<key>GCC_PREFIX_HEADER</key>
				<string>Cells/Cells-Prefix.pch</string>
				<key>INFOPLIST_FILE</key>
				<string>Cells/Cells-Info.plist</string>
				<key>IPHONEOS_DEPLOYMENT_TARGET</key>
				<string>7.0</string>
				<key>PRODUCT_NAME</key>
				<string>ChatterBox</string>
				<key>PROVISIONING_PROFILE</key>
				<string></string>
				<key>WRAPPER_EXTENSION</key>
				<string>app</string>
			</dict>
			<key>isa</key>
			<string>XCBuildConfiguration</string>
			<key>name</key>
			<string>Release</string>
		</dict>
		<key>75CCCF6117FC04DF000BF0F4</key>
		<dict>
			<key>fileEncoding</key>
			<string>4</string>
			<key>isa</key>
			<string>PBXFileReference</string>
			<key>lastKnownFileType</key>
			<string>sourcecode.c.h</string>
			<key>path</key>
			<string>BigPostTableViewCell.h</string>
			<key>sourceTree</key>
			<string>&lt;group&gt;</string>
		</dict>
		<key>75CCCF6217FC04DF000BF0F4</key>
		<dict>
			<key>fileEncoding</key>
			<string>4</string>
			<key>isa</key>
			<string>PBXFileReference</string>
			<key>lastKnownFileType</key>
			<string>sourcecode.c.objc</string>
			<key>path</key>
			<string>BigPostTableViewCell.m</string>
			<key>sourceTree</key>
			<string>&lt;group&gt;</string>
		</dict>
		<key>75CCCF6317FC04DF000BF0F4</key>
		<dict>
			<key>fileRef</key>
			<string>75CCCF6217FC04DF000BF0F4</string>
			<key>isa</key>
			<string>PBXBuildFile</string>
		</dict>
		<key>75D1DA251804837400B431FF</key>
		<dict>
			<key>fileEncoding</key>
			<string>4</string>
			<key>isa</key>
			<string>PBXFileReference</string>
			<key>lastKnownFileType</key>
			<string>sourcecode.c.h</string>
			<key>path</key>
			<string>CreateEntityViewController.h</string>
			<key>sourceTree</key>
			<string>&lt;group&gt;</string>
		</dict>
		<key>75D1DA261804837400B431FF</key>
		<dict>
			<key>fileEncoding</key>
			<string>4</string>
			<key>isa</key>
			<string>PBXFileReference</string>
			<key>lastKnownFileType</key>
			<string>sourcecode.c.objc</string>
			<key>path</key>
			<string>CreateEntityViewController.m</string>
			<key>sourceTree</key>
			<string>&lt;group&gt;</string>
		</dict>
		<key>75D1DA271804837400B431FF</key>
		<dict>
			<key>fileEncoding</key>
			<string>4</string>
			<key>isa</key>
			<string>PBXFileReference</string>
			<key>lastKnownFileType</key>
			<string>file.xib</string>
			<key>path</key>
			<string>CreateEntityViewController.xib</string>
			<key>sourceTree</key>
			<string>&lt;group&gt;</string>
		</dict>
		<key>75D1DA281804837400B431FF</key>
		<dict>
			<key>fileRef</key>
			<string>75D1DA261804837400B431FF</string>
			<key>isa</key>
			<string>PBXBuildFile</string>
		</dict>
		<key>75D1DA291804837400B431FF</key>
		<dict>
			<key>fileRef</key>
			<string>75D1DA271804837400B431FF</string>
			<key>isa</key>
			<string>PBXBuildFile</string>
		</dict>
		<key>75D1DA9E1804CDF600B431FF</key>
		<dict>
			<key>fileEncoding</key>
			<string>4</string>
			<key>isa</key>
			<string>PBXFileReference</string>
			<key>lastKnownFileType</key>
			<string>sourcecode.c.h</string>
			<key>path</key>
			<string>CreatePostViewController.h</string>
			<key>sourceTree</key>
			<string>&lt;group&gt;</string>
		</dict>
		<key>75D1DA9F1804CDF600B431FF</key>
		<dict>
			<key>fileEncoding</key>
			<string>4</string>
			<key>isa</key>
			<string>PBXFileReference</string>
			<key>lastKnownFileType</key>
			<string>sourcecode.c.objc</string>
			<key>path</key>
			<string>CreatePostViewController.m</string>
			<key>sourceTree</key>
			<string>&lt;group&gt;</string>
		</dict>
		<key>75D1DAA01804CDF600B431FF</key>
		<dict>
			<key>fileEncoding</key>
			<string>4</string>
			<key>isa</key>
			<string>PBXFileReference</string>
			<key>lastKnownFileType</key>
			<string>file.xib</string>
			<key>path</key>
			<string>CreatePostViewController.xib</string>
			<key>sourceTree</key>
			<string>&lt;group&gt;</string>
		</dict>
		<key>75D1DAA11804CDF600B431FF</key>
		<dict>
			<key>fileRef</key>
			<string>75D1DA9F1804CDF600B431FF</string>
			<key>isa</key>
			<string>PBXBuildFile</string>
		</dict>
		<key>75D1DAA21804CDF600B431FF</key>
		<dict>
			<key>fileRef</key>
			<string>75D1DAA01804CDF600B431FF</string>
			<key>isa</key>
			<string>PBXBuildFile</string>
		</dict>
		<key>89BE3CA7E45A4DC6A554D59E</key>
		<dict>
			<key>buildActionMask</key>
			<string>2147483647</string>
			<key>files</key>
			<array/>
			<key>inputPaths</key>
			<array/>
			<key>isa</key>
			<string>PBXShellScriptBuildPhase</string>
			<key>name</key>
			<string>Check Pods Manifest.lock</string>
			<key>outputPaths</key>
			<array/>
			<key>runOnlyForDeploymentPostprocessing</key>
			<string>0</string>
			<key>shellPath</key>
			<string>/bin/sh</string>
			<key>shellScript</key>
			<string>diff "${PODS_ROOT}/../Podfile.lock" "${PODS_ROOT}/Manifest.lock" &gt; /dev/null
if [[ $? != 0 ]] ; then
    cat &lt;&lt; EOM
error: The sandbox is not in sync with the Podfile.lock. Run 'pod install' or update your CocoaPods installation.
EOM
    exit 1
fi
</string>
			<key>showEnvVarsInLog</key>
			<string>0</string>
		</dict>
		<key>ABB0FD97D0284C82A18B17C4</key>
		<dict>
			<key>buildActionMask</key>
			<string>2147483647</string>
			<key>files</key>
			<array/>
			<key>inputPaths</key>
			<array/>
			<key>isa</key>
			<string>PBXShellScriptBuildPhase</string>
			<key>name</key>
			<string>Copy Pods Resources</string>
			<key>outputPaths</key>
			<array/>
			<key>runOnlyForDeploymentPostprocessing</key>
			<string>0</string>
			<key>shellPath</key>
			<string>/bin/sh</string>
			<key>shellScript</key>
			<string>"${SRCROOT}/Pods/Pods-Cells-resources.sh"
</string>
			<key>showEnvVarsInLog</key>
			<string>0</string>
		</dict>
		<key>F75D3B90DF4C4E4C8683B2BF</key>
		<dict>
			<key>includeInIndex</key>
			<string>1</string>
			<key>isa</key>
			<string>PBXFileReference</string>
			<key>lastKnownFileType</key>
			<string>text.xcconfig</string>
			<key>name</key>
			<string>Pods-Cells.xcconfig</string>
			<key>path</key>
			<string>Pods/Pods-Cells.xcconfig</string>
			<key>sourceTree</key>
			<string>&lt;group&gt;</string>
		</dict>
	</dict>
	<key>rootObject</key>
	<string>75CCCF3317FC03DF000BF0F4</string>
</dict>
</plist>
